// !$*UTF8*$!
{
	archiveVersion = 1;
	classes = {
	};
	objectVersion = 46;
	objects = {

/* Begin PBXBuildFile section */
		46330F9A18E2964100E5C7EC /* Foundation.framework in Frameworks */ = {isa = PBXBuildFile; fileRef = 46330F9918E2964100E5C7EC /* Foundation.framework */; };
		46330F9C18E2964100E5C7EC /* CoreGraphics.framework in Frameworks */ = {isa = PBXBuildFile; fileRef = 46330F9B18E2964100E5C7EC /* CoreGraphics.framework */; };
		46330F9E18E2964100E5C7EC /* UIKit.framework in Frameworks */ = {isa = PBXBuildFile; fileRef = 46330F9D18E2964100E5C7EC /* UIKit.framework */; };
		46330FA418E2964100E5C7EC /* InfoPlist.strings in Resources */ = {isa = PBXBuildFile; fileRef = 46330FA218E2964100E5C7EC /* InfoPlist.strings */; };
		46330FA618E2964100E5C7EC /* main.m in Sources */ = {isa = PBXBuildFile; fileRef = 46330FA518E2964100E5C7EC /* main.m */; };
		46330FAA18E2964100E5C7EC /* FWAppDelegate.m in Sources */ = {isa = PBXBuildFile; fileRef = 46330FA918E2964100E5C7EC /* FWAppDelegate.m */; };
		46330FAC18E2964100E5C7EC /* Images.xcassets in Resources */ = {isa = PBXBuildFile; fileRef = 46330FAB18E2964100E5C7EC /* Images.xcassets */; };
		46330FB318E2964100E5C7EC /* XCTest.framework in Frameworks */ = {isa = PBXBuildFile; fileRef = 46330FB218E2964100E5C7EC /* XCTest.framework */; };
		46330FB418E2964100E5C7EC /* Foundation.framework in Frameworks */ = {isa = PBXBuildFile; fileRef = 46330F9918E2964100E5C7EC /* Foundation.framework */; };
		46330FB518E2964100E5C7EC /* UIKit.framework in Frameworks */ = {isa = PBXBuildFile; fileRef = 46330F9D18E2964100E5C7EC /* UIKit.framework */; };
		46330FBD18E2964100E5C7EC /* InfoPlist.strings in Resources */ = {isa = PBXBuildFile; fileRef = 46330FBB18E2964100E5C7EC /* InfoPlist.strings */; };
		46330FBF18E2964100E5C7EC /* VieTests.m in Sources */ = {isa = PBXBuildFile; fileRef = 46330FBE18E2964100E5C7EC /* VieTests.m */; };
		46DB436F1A7F387300AF3366 /* FWPatternPickerViewController.xib in Resources */ = {isa = PBXBuildFile; fileRef = 46DB436E1A7F387300AF3366 /* FWPatternPickerViewController.xib */; };
		5F29805519B29BB3006C4C91 /* DataModel.xcdatamodeld in Sources */ = {isa = PBXBuildFile; fileRef = 5F29805319B29BB3006C4C91 /* DataModel.xcdatamodeld */; };
		5F29805819B29ED8006C4C91 /* FWSavedGameModel.m in Sources */ = {isa = PBXBuildFile; fileRef = 5F29805719B29ED8006C4C91 /* FWSavedGameModel.m */; };
		5FB4510F19B542EC0040F524 /* FWGameViewController.xib in Resources */ = {isa = PBXBuildFile; fileRef = 5FB4510D19B542EC0040F524 /* FWGameViewController.xib */; };
		5FB4511619B56F280040F524 /* FWQuickPlayMenuController.xib in Resources */ = {isa = PBXBuildFile; fileRef = 5FB4511519B56F280040F524 /* FWQuickPlayMenuController.xib */; };
		5FF3D86819B29AEB00F97192 /* CoreData.framework in Frameworks */ = {isa = PBXBuildFile; fileRef = 5FF3D86719B29AEB00F97192 /* CoreData.framework */; };
		5FFB649219C01196007F1DC7 /* iAd.framework in Frameworks */ = {isa = PBXBuildFile; fileRef = 5FFB649119C01196007F1DC7 /* iAd.framework */; };
		A6BD827A3B45D34D4E4F1AD2 /* FWGameViewController.m in Sources */ = {isa = PBXBuildFile; fileRef = A6BD81239C5465908CDDAA83 /* FWGameViewController.m */; };
		A6BD83CCA3F3D88E36020196 /* FWBoardSizeModel.m in Sources */ = {isa = PBXBuildFile; fileRef = A6BD8EEE1A070EFC4A7E8FA7 /* FWBoardSizeModel.m */; };
		A6BD84B829B417077862371D /* FWSmartTableViewCell.m in Sources */ = {isa = PBXBuildFile; fileRef = A6BD88FE98DB22E022C67288 /* FWSmartTableViewCell.m */; };
		A6BD851C41609CB297A00D35 /* FWSavedGamePickerTableViewController.m in Sources */ = {isa = PBXBuildFile; fileRef = A6BD833129B45552540EB09D /* FWSavedGamePickerTableViewController.m */; };
		A6BD857935F006E562D59215 /* FWCellModel.m in Sources */ = {isa = PBXBuildFile; fileRef = A6BD838C05C9C56987CA9F58 /* FWCellModel.m */; };
		A6BD85D9E6F095BA44C3EFC0 /* FWRandomNumberGenerator.m in Sources */ = {isa = PBXBuildFile; fileRef = A6BD81E0EA6F40B6B7C5C34D /* FWRandomNumberGenerator.m */; };
		A6BD862E58B1CCC182817990 /* FWSavedGameTableViewCell.m in Sources */ = {isa = PBXBuildFile; fileRef = A6BD84700A1464DB1494D14C /* FWSavedGameTableViewCell.m */; };
		A6BD8686EEFCA8127AA8B817 /* FWCellPatternPickerTableViewController.m in Sources */ = {isa = PBXBuildFile; fileRef = A6BD89D2028CBCCB33714236 /* FWCellPatternPickerTableViewController.m */; };
		A6BD8715FACA0877A503A265 /* UIColor+FWAppColors.m in Sources */ = {isa = PBXBuildFile; fileRef = A6BD87C92FF24586F6F1DC83 /* UIColor+FWAppColors.m */; };
		A6BD88AB0269B101CA8B092A /* FWColorSchemeModel.m in Sources */ = {isa = PBXBuildFile; fileRef = A6BD8A8C8A24BC057374AE68 /* FWColorSchemeModel.m */; };
		A6BD890533614F3D6AF2F6C2 /* FWCellPatternTableViewCell.m in Sources */ = {isa = PBXBuildFile; fileRef = A6BD8EDF30BA0974376425DB /* FWCellPatternTableViewCell.m */; };
		A6BD8B7C075A22118D5D046C /* FWColorSchemeTableViewCell.m in Sources */ = {isa = PBXBuildFile; fileRef = A6BD88C336DCDC398652CC42 /* FWColorSchemeTableViewCell.m */; };
		A6BD8BB22C87B072BCAA3DE5 /* FWMainViewController.m in Sources */ = {isa = PBXBuildFile; fileRef = A6BD8F008B945759E90FEF5C /* FWMainViewController.m */; };
		A6BD8CF255F5265DD20E2D15 /* FWPatternPickerViewController.m in Sources */ = {isa = PBXBuildFile; fileRef = A6BD8C92FE91E66F48C87311 /* FWPatternPickerViewController.m */; };
		A6BD8D4E382AD099F9168486 /* FWSettingsManager.m in Sources */ = {isa = PBXBuildFile; fileRef = A6BD84EC2D10EFF62891DCBB /* FWSettingsManager.m */; };
		A6BD8DEB16ED331141F4F586 /* FWPatternCollectionViewCell.m in Sources */ = {isa = PBXBuildFile; fileRef = A6BD8A9FE5A6088AB496D9F1 /* FWPatternCollectionViewCell.m */; };
		A6BD8DF13ABCF912598D6E74 /* FWUserModel.m in Sources */ = {isa = PBXBuildFile; fileRef = A6BD82E63F111524CAD13825 /* FWUserModel.m */; };
		A6BD8E8A0B77F033B2D2DEBE /* FWBoardView.m in Sources */ = {isa = PBXBuildFile; fileRef = A6BD8B6BF68F5AB7427B5296 /* FWBoardView.m */; };
		A6BD8FCD8CA8F9F4DB687236 /* FWCellPatternModel.m in Sources */ = {isa = PBXBuildFile; fileRef = A6BD8C08B7E4AF2AD65E3BF5 /* FWCellPatternModel.m */; };
		B3935122B861B58E592BEFEB /* FWCellPatternLoader.m in Sources */ = {isa = PBXBuildFile; fileRef = B3935AB2A86E92BA390F4D1C /* FWCellPatternLoader.m */; };
		B3935135680D968D45AAD95B /* Localizable.strings in Resources */ = {isa = PBXBuildFile; fileRef = B393569A4AFED5F4DAFDDF59 /* Localizable.strings */; };
		B39351A07451E0E6F888EAA3 /* FWReflectiveTile.m in Sources */ = {isa = PBXBuildFile; fileRef = B393540E31D6591EC0821C6E /* FWReflectiveTile.m */; };
		B393539DD243836BB5958E25 /* FWMenuTile.m in Sources */ = {isa = PBXBuildFile; fileRef = B39353334670759C86428AF0 /* FWMenuTile.m */; };
		B393548F7B8F1B064AE10C7D /* FWColorTile.m in Sources */ = {isa = PBXBuildFile; fileRef = B39357A3B12A8B057AAD77DE /* FWColorTile.m */; };
		B393556A420DDDCC1BC3926F /* UIFont+FWAppFonts.m in Sources */ = {isa = PBXBuildFile; fileRef = B39354FA427EDDAD37D20935 /* UIFont+FWAppFonts.m */; };
		B39355BF45D67AD507E80C27 /* FWMainMenuViewController.m in Sources */ = {isa = PBXBuildFile; fileRef = B393536C6758FDDB585B9FAD /* FWMainMenuViewController.m */; };
		B39356087CF49AA8E207FB15 /* Avenir Next Condensed.ttc in Resources */ = {isa = PBXBuildFile; fileRef = B3935736195C0E7546EDC1EE /* Avenir Next Condensed.ttc */; };
		B39357CB2D7EC4DA036A2B8E /* FWTitleBar.m in Sources */ = {isa = PBXBuildFile; fileRef = B3935B98F73C784DF9D763FB /* FWTitleBar.m */; };
		B3935820369BEF29F55BEF35 /* FWGameSettingsViewController.xib in Resources */ = {isa = PBXBuildFile; fileRef = B393542D07FDFB318986B555 /* FWGameSettingsViewController.xib */; };
		B393587659FE47A6A07057E1 /* UIView+FWConvenience.m in Sources */ = {isa = PBXBuildFile; fileRef = B39350255D4CEE63ED6B6129 /* UIView+FWConvenience.m */; };
		B39358E3E71568502E140B8B /* FWGameToolbar.m in Sources */ = {isa = PBXBuildFile; fileRef = B3935A97627E0C51427F63AF /* FWGameToolbar.m */; };
		B3935AA5BDA0DF56DF308BF2 /* FWGameSettingsViewController.m in Sources */ = {isa = PBXBuildFile; fileRef = B39359E3F8913EF80F49CF55 /* FWGameSettingsViewController.m */; };
		B3935B5381E7417A8D97A4EB /* FWRleReader.m in Sources */ = {isa = PBXBuildFile; fileRef = B3935D2F5AFB88B89F1D9D90 /* FWRleReader.m */; };
		B3935BF71AEF71211DCA2BC6 /* FWSizeTile.m in Sources */ = {isa = PBXBuildFile; fileRef = B393527A37CC8A72862273CC /* FWSizeTile.m */; };
		B3935CBEDD0FBE03D628425C /* FWGameSpeed.m in Sources */ = {isa = PBXBuildFile; fileRef = B3935D54FA0ACE6E624116C7 /* FWGameSpeed.m */; };
		B3935CE8F8AD8AD6512B72BE /* FWQuickPlayMenuViewController.m in Sources */ = {isa = PBXBuildFile; fileRef = B393584039B2DDD70B05D3F7 /* FWQuickPlayMenuViewController.m */; };
		B3935D369E6968DCAC9D8292 /* Avenir Next.ttc in Resources */ = {isa = PBXBuildFile; fileRef = B3935957122AC1E35CD981CA /* Avenir Next.ttc */; };
		B3935E634DE9C7C44E3480CA /* FWSpeedTile.m in Sources */ = {isa = PBXBuildFile; fileRef = B3935764090B6029FD2384A4 /* FWSpeedTile.m */; };
		B3935FA6823798258F5203A1 /* patterns.dat in Resources */ = {isa = PBXBuildFile; fileRef = B3935125771F4A068BE99A04 /* patterns.dat */; };
/* End PBXBuildFile section */

/* Begin PBXContainerItemProxy section */
		46330FB618E2964100E5C7EC /* PBXContainerItemProxy */ = {
			isa = PBXContainerItemProxy;
			containerPortal = 46330F8E18E2964100E5C7EC /* Project object */;
			proxyType = 1;
			remoteGlobalIDString = 46330F9518E2964100E5C7EC;
			remoteInfo = Vie;
		};
/* End PBXContainerItemProxy section */

/* Begin PBXFileReference section */
		46330F9618E2964100E5C7EC /* Vie.app */ = {isa = PBXFileReference; explicitFileType = wrapper.application; includeInIndex = 0; path = Vie.app; sourceTree = BUILT_PRODUCTS_DIR; };
		46330F9918E2964100E5C7EC /* Foundation.framework */ = {isa = PBXFileReference; lastKnownFileType = wrapper.framework; name = Foundation.framework; path = System/Library/Frameworks/Foundation.framework; sourceTree = SDKROOT; };
		46330F9B18E2964100E5C7EC /* CoreGraphics.framework */ = {isa = PBXFileReference; lastKnownFileType = wrapper.framework; name = CoreGraphics.framework; path = System/Library/Frameworks/CoreGraphics.framework; sourceTree = SDKROOT; };
		46330F9D18E2964100E5C7EC /* UIKit.framework */ = {isa = PBXFileReference; lastKnownFileType = wrapper.framework; name = UIKit.framework; path = System/Library/Frameworks/UIKit.framework; sourceTree = SDKROOT; };
		46330FA118E2964100E5C7EC /* Vie-Info.plist */ = {isa = PBXFileReference; lastKnownFileType = text.plist.xml; path = "Vie-Info.plist"; sourceTree = "<group>"; };
		46330FA318E2964100E5C7EC /* en */ = {isa = PBXFileReference; lastKnownFileType = text.plist.strings; name = en; path = en.lproj/InfoPlist.strings; sourceTree = "<group>"; };
		46330FA518E2964100E5C7EC /* main.m */ = {isa = PBXFileReference; lastKnownFileType = sourcecode.c.objc; path = main.m; sourceTree = "<group>"; };
		46330FA718E2964100E5C7EC /* Vie-Prefix.pch */ = {isa = PBXFileReference; lastKnownFileType = sourcecode.c.h; path = "Vie-Prefix.pch"; sourceTree = "<group>"; };
		46330FA818E2964100E5C7EC /* FWAppDelegate.h */ = {isa = PBXFileReference; lastKnownFileType = sourcecode.c.h; path = FWAppDelegate.h; sourceTree = "<group>"; };
		46330FA918E2964100E5C7EC /* FWAppDelegate.m */ = {isa = PBXFileReference; lastKnownFileType = sourcecode.c.objc; path = FWAppDelegate.m; sourceTree = "<group>"; };
		46330FAB18E2964100E5C7EC /* Images.xcassets */ = {isa = PBXFileReference; lastKnownFileType = folder.assetcatalog; path = Images.xcassets; sourceTree = "<group>"; };
		46330FB118E2964100E5C7EC /* VieTests.xctest */ = {isa = PBXFileReference; explicitFileType = wrapper.cfbundle; includeInIndex = 0; path = VieTests.xctest; sourceTree = BUILT_PRODUCTS_DIR; };
		46330FB218E2964100E5C7EC /* XCTest.framework */ = {isa = PBXFileReference; lastKnownFileType = wrapper.framework; name = XCTest.framework; path = Library/Frameworks/XCTest.framework; sourceTree = DEVELOPER_DIR; };
		46330FBA18E2964100E5C7EC /* VieTests-Info.plist */ = {isa = PBXFileReference; lastKnownFileType = text.plist.xml; path = "VieTests-Info.plist"; sourceTree = "<group>"; };
		46330FBC18E2964100E5C7EC /* en */ = {isa = PBXFileReference; lastKnownFileType = text.plist.strings; name = en; path = en.lproj/InfoPlist.strings; sourceTree = "<group>"; };
		46330FBE18E2964100E5C7EC /* VieTests.m */ = {isa = PBXFileReference; lastKnownFileType = sourcecode.c.objc; path = VieTests.m; sourceTree = "<group>"; };
		4647352118FA1C1B003C2D15 /* fr */ = {isa = PBXFileReference; lastKnownFileType = text.plist.strings; name = fr; path = fr.lproj/InfoPlist.strings; sourceTree = "<group>"; };
		46DB436E1A7F387300AF3366 /* FWPatternPickerViewController.xib */ = {isa = PBXFileReference; fileEncoding = 4; lastKnownFileType = file.xib; path = FWPatternPickerViewController.xib; sourceTree = "<group>"; };
		5F29805419B29BB3006C4C91 /* DataModel.xcdatamodel */ = {isa = PBXFileReference; lastKnownFileType = wrapper.xcdatamodel; path = DataModel.xcdatamodel; sourceTree = "<group>"; };
		5F29805619B29ED8006C4C91 /* FWSavedGameModel.h */ = {isa = PBXFileReference; fileEncoding = 4; lastKnownFileType = sourcecode.c.h; path = FWSavedGameModel.h; sourceTree = "<group>"; };
		5F29805719B29ED8006C4C91 /* FWSavedGameModel.m */ = {isa = PBXFileReference; fileEncoding = 4; lastKnownFileType = sourcecode.c.objc; path = FWSavedGameModel.m; sourceTree = "<group>"; };
		5FB4510D19B542EC0040F524 /* FWGameViewController.xib */ = {isa = PBXFileReference; fileEncoding = 4; lastKnownFileType = file.xib; path = FWGameViewController.xib; sourceTree = "<group>"; };
		5FB4511519B56F280040F524 /* FWQuickPlayMenuController.xib */ = {isa = PBXFileReference; fileEncoding = 4; lastKnownFileType = file.xib; path = FWQuickPlayMenuController.xib; sourceTree = "<group>"; };
		5FB868B919C010E5002FD7D7 /* AdSupport.framework */ = {isa = PBXFileReference; lastKnownFileType = wrapper.framework; name = AdSupport.framework; path = System/Library/Frameworks/AdSupport.framework; sourceTree = SDKROOT; };
		5FF3D86719B29AEB00F97192 /* CoreData.framework */ = {isa = PBXFileReference; lastKnownFileType = wrapper.framework; name = CoreData.framework; path = System/Library/Frameworks/CoreData.framework; sourceTree = SDKROOT; };
		5FFB649119C01196007F1DC7 /* iAd.framework */ = {isa = PBXFileReference; lastKnownFileType = wrapper.framework; name = iAd.framework; path = System/Library/Frameworks/iAd.framework; sourceTree = SDKROOT; };
		A6BD800671CFA1FAAA661B35 /* FWCellPatternPickerTableViewController.h */ = {isa = PBXFileReference; fileEncoding = 4; lastKnownFileType = sourcecode.c.h; path = FWCellPatternPickerTableViewController.h; sourceTree = "<group>"; };
		A6BD808AFF54817340C0A620 /* FWMainViewController.h */ = {isa = PBXFileReference; fileEncoding = 4; lastKnownFileType = sourcecode.c.h; path = FWMainViewController.h; sourceTree = "<group>"; };
		A6BD81239C5465908CDDAA83 /* FWGameViewController.m */ = {isa = PBXFileReference; fileEncoding = 4; lastKnownFileType = sourcecode.c.objc; path = FWGameViewController.m; sourceTree = "<group>"; };
		A6BD81E0EA6F40B6B7C5C34D /* FWRandomNumberGenerator.m */ = {isa = PBXFileReference; fileEncoding = 4; lastKnownFileType = sourcecode.c.objc; path = FWRandomNumberGenerator.m; sourceTree = "<group>"; };
		A6BD82ACAF736222FAB313EC /* FWPatternCollectionViewCell.h */ = {isa = PBXFileReference; fileEncoding = 4; lastKnownFileType = sourcecode.c.h; path = FWPatternCollectionViewCell.h; sourceTree = "<group>"; };
		A6BD82E63F111524CAD13825 /* FWUserModel.m */ = {isa = PBXFileReference; fileEncoding = 4; lastKnownFileType = sourcecode.c.objc; path = FWUserModel.m; sourceTree = "<group>"; };
		A6BD833129B45552540EB09D /* FWSavedGamePickerTableViewController.m */ = {isa = PBXFileReference; fileEncoding = 4; lastKnownFileType = sourcecode.c.objc; path = FWSavedGamePickerTableViewController.m; sourceTree = "<group>"; };
		A6BD836CE463AA1E6203A65D /* FWBoardView.h */ = {isa = PBXFileReference; fileEncoding = 4; lastKnownFileType = sourcecode.c.h; path = FWBoardView.h; sourceTree = "<group>"; };
		A6BD838C05C9C56987CA9F58 /* FWCellModel.m */ = {isa = PBXFileReference; fileEncoding = 4; lastKnownFileType = sourcecode.c.objc; path = FWCellModel.m; sourceTree = "<group>"; };
		A6BD84700A1464DB1494D14C /* FWSavedGameTableViewCell.m */ = {isa = PBXFileReference; fileEncoding = 4; lastKnownFileType = sourcecode.c.objc; path = FWSavedGameTableViewCell.m; sourceTree = "<group>"; };
		A6BD84EC2D10EFF62891DCBB /* FWSettingsManager.m */ = {isa = PBXFileReference; fileEncoding = 4; lastKnownFileType = sourcecode.c.objc; path = FWSettingsManager.m; sourceTree = "<group>"; };
		A6BD853AA73F8765DB26E53C /* FWSavedGamePickerTableViewController.h */ = {isa = PBXFileReference; fileEncoding = 4; lastKnownFileType = sourcecode.c.h; path = FWSavedGamePickerTableViewController.h; sourceTree = "<group>"; };
		A6BD86536E6892BAEEA8ABCB /* FWSmartTableViewCell.h */ = {isa = PBXFileReference; fileEncoding = 4; lastKnownFileType = sourcecode.c.h; path = FWSmartTableViewCell.h; sourceTree = "<group>"; };
		A6BD86C12D759F5A736D5812 /* FWCellPatternModel.h */ = {isa = PBXFileReference; fileEncoding = 4; lastKnownFileType = sourcecode.c.h; path = FWCellPatternModel.h; sourceTree = "<group>"; };
		A6BD86C511ED5999B01F1F1B /* FWCellPatternTableViewCell.h */ = {isa = PBXFileReference; fileEncoding = 4; lastKnownFileType = sourcecode.c.h; path = FWCellPatternTableViewCell.h; sourceTree = "<group>"; };
		A6BD87C92FF24586F6F1DC83 /* UIColor+FWAppColors.m */ = {isa = PBXFileReference; fileEncoding = 4; lastKnownFileType = sourcecode.c.objc; path = "UIColor+FWAppColors.m"; sourceTree = "<group>"; };
		A6BD87CC274937BC97274E74 /* FWBoardSizeModel.h */ = {isa = PBXFileReference; fileEncoding = 4; lastKnownFileType = sourcecode.c.h; path = FWBoardSizeModel.h; sourceTree = "<group>"; };
		A6BD88923F439D857C35A867 /* FWColorSchemeModel.h */ = {isa = PBXFileReference; fileEncoding = 4; lastKnownFileType = sourcecode.c.h; path = FWColorSchemeModel.h; sourceTree = "<group>"; };
		A6BD88B43A67D160B0A8986F /* FWSavedGameTableViewCell.h */ = {isa = PBXFileReference; fileEncoding = 4; lastKnownFileType = sourcecode.c.h; path = FWSavedGameTableViewCell.h; sourceTree = "<group>"; };
		A6BD88C336DCDC398652CC42 /* FWColorSchemeTableViewCell.m */ = {isa = PBXFileReference; fileEncoding = 4; lastKnownFileType = sourcecode.c.objc; path = FWColorSchemeTableViewCell.m; sourceTree = "<group>"; };
		A6BD88FE98DB22E022C67288 /* FWSmartTableViewCell.m */ = {isa = PBXFileReference; fileEncoding = 4; lastKnownFileType = sourcecode.c.objc; path = FWSmartTableViewCell.m; sourceTree = "<group>"; };
		A6BD89D2028CBCCB33714236 /* FWCellPatternPickerTableViewController.m */ = {isa = PBXFileReference; fileEncoding = 4; lastKnownFileType = sourcecode.c.objc; path = FWCellPatternPickerTableViewController.m; sourceTree = "<group>"; };
		A6BD89F1D2A18B6868D7879B /* FWRandomNumberGenerator.h */ = {isa = PBXFileReference; fileEncoding = 4; lastKnownFileType = sourcecode.c.h; path = FWRandomNumberGenerator.h; sourceTree = "<group>"; };
		A6BD8A2E44E2D89FFF694DD0 /* FWCellModel.h */ = {isa = PBXFileReference; fileEncoding = 4; lastKnownFileType = sourcecode.c.h; path = FWCellModel.h; sourceTree = "<group>"; };
		A6BD8A460358D84F00240009 /* UIColor+FWAppColors.h */ = {isa = PBXFileReference; fileEncoding = 4; lastKnownFileType = sourcecode.c.h; path = "UIColor+FWAppColors.h"; sourceTree = "<group>"; };
		A6BD8A8C8A24BC057374AE68 /* FWColorSchemeModel.m */ = {isa = PBXFileReference; fileEncoding = 4; lastKnownFileType = sourcecode.c.objc; path = FWColorSchemeModel.m; sourceTree = "<group>"; };
		A6BD8A9FE5A6088AB496D9F1 /* FWPatternCollectionViewCell.m */ = {isa = PBXFileReference; fileEncoding = 4; lastKnownFileType = sourcecode.c.objc; path = FWPatternCollectionViewCell.m; sourceTree = "<group>"; };
		A6BD8AD6579DFC560A5015F9 /* FWGameViewController.h */ = {isa = PBXFileReference; fileEncoding = 4; lastKnownFileType = sourcecode.c.h; path = FWGameViewController.h; sourceTree = "<group>"; };
		A6BD8B6BF68F5AB7427B5296 /* FWBoardView.m */ = {isa = PBXFileReference; fileEncoding = 4; lastKnownFileType = sourcecode.c.objc; path = FWBoardView.m; sourceTree = "<group>"; };
		A6BD8BF7B16172ED3DDB8D24 /* FWPatternPickerViewController.h */ = {isa = PBXFileReference; fileEncoding = 4; lastKnownFileType = sourcecode.c.h; path = FWPatternPickerViewController.h; sourceTree = "<group>"; };
		A6BD8C08B7E4AF2AD65E3BF5 /* FWCellPatternModel.m */ = {isa = PBXFileReference; fileEncoding = 4; lastKnownFileType = sourcecode.c.objc; path = FWCellPatternModel.m; sourceTree = "<group>"; };
		A6BD8C551EDB50DF2488C256 /* FWColorSchemeTableViewCell.h */ = {isa = PBXFileReference; fileEncoding = 4; lastKnownFileType = sourcecode.c.h; path = FWColorSchemeTableViewCell.h; sourceTree = "<group>"; };
		A6BD8C92FE91E66F48C87311 /* FWPatternPickerViewController.m */ = {isa = PBXFileReference; fileEncoding = 4; lastKnownFileType = sourcecode.c.objc; path = FWPatternPickerViewController.m; sourceTree = "<group>"; };
		A6BD8D0C66A406A3CF3F47C9 /* FWUserModel.h */ = {isa = PBXFileReference; fileEncoding = 4; lastKnownFileType = sourcecode.c.h; path = FWUserModel.h; sourceTree = "<group>"; };
		A6BD8EC4545250BB51B5318D /* FWSettingsManager.h */ = {isa = PBXFileReference; fileEncoding = 4; lastKnownFileType = sourcecode.c.h; path = FWSettingsManager.h; sourceTree = "<group>"; };
		A6BD8EDF30BA0974376425DB /* FWCellPatternTableViewCell.m */ = {isa = PBXFileReference; fileEncoding = 4; lastKnownFileType = sourcecode.c.objc; path = FWCellPatternTableViewCell.m; sourceTree = "<group>"; };
		A6BD8EEE1A070EFC4A7E8FA7 /* FWBoardSizeModel.m */ = {isa = PBXFileReference; fileEncoding = 4; lastKnownFileType = sourcecode.c.objc; path = FWBoardSizeModel.m; sourceTree = "<group>"; };
		A6BD8F008B945759E90FEF5C /* FWMainViewController.m */ = {isa = PBXFileReference; fileEncoding = 4; lastKnownFileType = sourcecode.c.objc; path = FWMainViewController.m; sourceTree = "<group>"; };
		B39350255D4CEE63ED6B6129 /* UIView+FWConvenience.m */ = {isa = PBXFileReference; fileEncoding = 4; lastKnownFileType = sourcecode.c.objc; path = "UIView+FWConvenience.m"; sourceTree = "<group>"; };
		B39350932AD906BE0ACF4309 /* FWColorTile.h */ = {isa = PBXFileReference; fileEncoding = 4; lastKnownFileType = sourcecode.c.h; path = FWColorTile.h; sourceTree = "<group>"; };
		B3935125771F4A068BE99A04 /* patterns.dat */ = {isa = PBXFileReference; fileEncoding = 4; lastKnownFileType = file.dat; path = patterns.dat; sourceTree = "<group>"; };
		B393517F0C800643852B9D41 /* UIView+FWConvenience.h */ = {isa = PBXFileReference; fileEncoding = 4; lastKnownFileType = sourcecode.c.h; path = "UIView+FWConvenience.h"; sourceTree = "<group>"; };
		B3935226FF194C247A21B7FB /* FWReflectiveTile.h */ = {isa = PBXFileReference; fileEncoding = 4; lastKnownFileType = sourcecode.c.h; path = FWReflectiveTile.h; sourceTree = "<group>"; };
		B393527A37CC8A72862273CC /* FWSizeTile.m */ = {isa = PBXFileReference; fileEncoding = 4; lastKnownFileType = sourcecode.c.objc; path = FWSizeTile.m; sourceTree = "<group>"; };
		B39353334670759C86428AF0 /* FWMenuTile.m */ = {isa = PBXFileReference; fileEncoding = 4; lastKnownFileType = sourcecode.c.objc; path = FWMenuTile.m; sourceTree = "<group>"; };
		B393536C6758FDDB585B9FAD /* FWMainMenuViewController.m */ = {isa = PBXFileReference; fileEncoding = 4; lastKnownFileType = sourcecode.c.objc; path = FWMainMenuViewController.m; sourceTree = "<group>"; };
		B393540E31D6591EC0821C6E /* FWReflectiveTile.m */ = {isa = PBXFileReference; fileEncoding = 4; lastKnownFileType = sourcecode.c.objc; path = FWReflectiveTile.m; sourceTree = "<group>"; };
		B393542580658638A1A22397 /* FWGameSpeed.h */ = {isa = PBXFileReference; fileEncoding = 4; lastKnownFileType = sourcecode.c.h; path = FWGameSpeed.h; sourceTree = "<group>"; };
		B393542D07FDFB318986B555 /* FWGameSettingsViewController.xib */ = {isa = PBXFileReference; lastKnownFileType = file.xib; path = FWGameSettingsViewController.xib; sourceTree = "<group>"; };
		B3935446538A8833CCEA7A65 /* FWMainMenuViewController.h */ = {isa = PBXFileReference; fileEncoding = 4; lastKnownFileType = sourcecode.c.h; path = FWMainMenuViewController.h; sourceTree = "<group>"; };
		B39354FA427EDDAD37D20935 /* UIFont+FWAppFonts.m */ = {isa = PBXFileReference; fileEncoding = 4; lastKnownFileType = sourcecode.c.objc; path = "UIFont+FWAppFonts.m"; sourceTree = "<group>"; };
		B3935736195C0E7546EDC1EE /* Avenir Next Condensed.ttc */ = {isa = PBXFileReference; lastKnownFileType = file.ttc; path = "Avenir Next Condensed.ttc"; sourceTree = "<group>"; };
		B3935764090B6029FD2384A4 /* FWSpeedTile.m */ = {isa = PBXFileReference; fileEncoding = 4; lastKnownFileType = sourcecode.c.objc; path = FWSpeedTile.m; sourceTree = "<group>"; };
		B3935764A58EADFAA8362858 /* FWRleReader.h */ = {isa = PBXFileReference; fileEncoding = 4; lastKnownFileType = sourcecode.c.h; path = FWRleReader.h; sourceTree = "<group>"; };
		B39357A3B12A8B057AAD77DE /* FWColorTile.m */ = {isa = PBXFileReference; fileEncoding = 4; lastKnownFileType = sourcecode.c.objc; path = FWColorTile.m; sourceTree = "<group>"; };
		B39357EEF679DDD1D5B5F8BC /* fr */ = {isa = PBXFileReference; fileEncoding = 4; lastKnownFileType = text.plist.strings; name = fr; path = Vie/fr.lproj/Localizable.strings; sourceTree = SOURCE_ROOT; };
		B393584039B2DDD70B05D3F7 /* FWQuickPlayMenuViewController.m */ = {isa = PBXFileReference; fileEncoding = 4; lastKnownFileType = sourcecode.c.objc; path = FWQuickPlayMenuViewController.m; sourceTree = "<group>"; };
		B393585F43474EFF8190097C /* FWMenuTile.h */ = {isa = PBXFileReference; fileEncoding = 4; lastKnownFileType = sourcecode.c.h; path = FWMenuTile.h; sourceTree = "<group>"; };
		B39358B9C09DE5678D48CEBF /* en */ = {isa = PBXFileReference; fileEncoding = 4; lastKnownFileType = text.plist.strings; name = en; path = Vie/en.lproj/Localizable.strings; sourceTree = SOURCE_ROOT; };
		B3935957122AC1E35CD981CA /* Avenir Next.ttc */ = {isa = PBXFileReference; lastKnownFileType = file.ttc; path = "Avenir Next.ttc"; sourceTree = "<group>"; };
		B39359B9F55AAEF760E04070 /* FWSpeedTile.h */ = {isa = PBXFileReference; fileEncoding = 4; lastKnownFileType = sourcecode.c.h; path = FWSpeedTile.h; sourceTree = "<group>"; };
		B39359E3F8913EF80F49CF55 /* FWGameSettingsViewController.m */ = {isa = PBXFileReference; fileEncoding = 4; lastKnownFileType = sourcecode.c.objc; path = FWGameSettingsViewController.m; sourceTree = "<group>"; };
		B3935A6E4750297783C74045 /* UIFont+FWAppFonts.h */ = {isa = PBXFileReference; fileEncoding = 4; lastKnownFileType = sourcecode.c.h; path = "UIFont+FWAppFonts.h"; sourceTree = "<group>"; };
		B3935A865D5A17D0124B2B09 /* FWQuickPlayMenuViewController.h */ = {isa = PBXFileReference; fileEncoding = 4; lastKnownFileType = sourcecode.c.h; path = FWQuickPlayMenuViewController.h; sourceTree = "<group>"; };
		B3935A97627E0C51427F63AF /* FWGameToolbar.m */ = {isa = PBXFileReference; fileEncoding = 4; lastKnownFileType = sourcecode.c.objc; path = FWGameToolbar.m; sourceTree = "<group>"; };
		B3935AB2A86E92BA390F4D1C /* FWCellPatternLoader.m */ = {isa = PBXFileReference; fileEncoding = 4; lastKnownFileType = sourcecode.c.objc; path = FWCellPatternLoader.m; sourceTree = "<group>"; };
		B3935AD6BA8621D05FAF331E /* FWTitleBar.h */ = {isa = PBXFileReference; fileEncoding = 4; lastKnownFileType = sourcecode.c.h; path = FWTitleBar.h; sourceTree = "<group>"; };
		B3935B1A7B9F99B4EF158411 /* FWCellPatternLoader.h */ = {isa = PBXFileReference; fileEncoding = 4; lastKnownFileType = sourcecode.c.h; path = FWCellPatternLoader.h; sourceTree = "<group>"; };
		B3935B98F73C784DF9D763FB /* FWTitleBar.m */ = {isa = PBXFileReference; fileEncoding = 4; lastKnownFileType = sourcecode.c.objc; path = FWTitleBar.m; sourceTree = "<group>"; };
		B3935BB769DA4E0FC1A31E70 /* FWGameSettingsViewController.h */ = {isa = PBXFileReference; fileEncoding = 4; lastKnownFileType = sourcecode.c.h; path = FWGameSettingsViewController.h; sourceTree = "<group>"; };
		B3935C3ACD3F4A6DBAEF6BDE /* FWPatternFormatReader.h */ = {isa = PBXFileReference; fileEncoding = 4; lastKnownFileType = sourcecode.c.h; path = FWPatternFormatReader.h; sourceTree = "<group>"; };
		B3935C99FC906D5CFEC18740 /* FWSizeTile.h */ = {isa = PBXFileReference; fileEncoding = 4; lastKnownFileType = sourcecode.c.h; path = FWSizeTile.h; sourceTree = "<group>"; };
		B3935D2F5AFB88B89F1D9D90 /* FWRleReader.m */ = {isa = PBXFileReference; fileEncoding = 4; lastKnownFileType = sourcecode.c.objc; path = FWRleReader.m; sourceTree = "<group>"; };
		B3935D54FA0ACE6E624116C7 /* FWGameSpeed.m */ = {isa = PBXFileReference; fileEncoding = 4; lastKnownFileType = sourcecode.c.objc; path = FWGameSpeed.m; sourceTree = "<group>"; };
		B3935FB0A3013699512FCC9B /* FWGameToolbar.h */ = {isa = PBXFileReference; fileEncoding = 4; lastKnownFileType = sourcecode.c.h; path = FWGameToolbar.h; sourceTree = "<group>"; };
/* End PBXFileReference section */

/* Begin PBXFrameworksBuildPhase section */
		46330F9318E2964100E5C7EC /* Frameworks */ = {
			isa = PBXFrameworksBuildPhase;
			buildActionMask = 2147483647;
			files = (
				5FFB649219C01196007F1DC7 /* iAd.framework in Frameworks */,
				5FF3D86819B29AEB00F97192 /* CoreData.framework in Frameworks */,
				46330F9C18E2964100E5C7EC /* CoreGraphics.framework in Frameworks */,
				46330F9E18E2964100E5C7EC /* UIKit.framework in Frameworks */,
				46330F9A18E2964100E5C7EC /* Foundation.framework in Frameworks */,
			);
			runOnlyForDeploymentPostprocessing = 0;
		};
		46330FAE18E2964100E5C7EC /* Frameworks */ = {
			isa = PBXFrameworksBuildPhase;
			buildActionMask = 2147483647;
			files = (
				46330FB318E2964100E5C7EC /* XCTest.framework in Frameworks */,
				46330FB518E2964100E5C7EC /* UIKit.framework in Frameworks */,
				46330FB418E2964100E5C7EC /* Foundation.framework in Frameworks */,
			);
			runOnlyForDeploymentPostprocessing = 0;
		};
/* End PBXFrameworksBuildPhase section */

/* Begin PBXGroup section */
		46330F8D18E2964100E5C7EC = {
			isa = PBXGroup;
			children = (
				46330F9F18E2964100E5C7EC /* Vie */,
				46330FB818E2964100E5C7EC /* VieTests */,
				46330F9818E2964100E5C7EC /* Frameworks */,
				46330F9718E2964100E5C7EC /* Products */,
			);
			sourceTree = "<group>";
		};
		46330F9718E2964100E5C7EC /* Products */ = {
			isa = PBXGroup;
			children = (
				46330F9618E2964100E5C7EC /* Vie.app */,
				46330FB118E2964100E5C7EC /* VieTests.xctest */,
			);
			name = Products;
			sourceTree = "<group>";
		};
		46330F9818E2964100E5C7EC /* Frameworks */ = {
			isa = PBXGroup;
			children = (
				5FFB649119C01196007F1DC7 /* iAd.framework */,
				5FB868B919C010E5002FD7D7 /* AdSupport.framework */,
				5FF3D86719B29AEB00F97192 /* CoreData.framework */,
				46330F9918E2964100E5C7EC /* Foundation.framework */,
				46330F9B18E2964100E5C7EC /* CoreGraphics.framework */,
				46330F9D18E2964100E5C7EC /* UIKit.framework */,
				46330FB218E2964100E5C7EC /* XCTest.framework */,
			);
			name = Frameworks;
			sourceTree = "<group>";
		};
		46330F9F18E2964100E5C7EC /* Vie */ = {
			isa = PBXGroup;
			children = (
				46330FA818E2964100E5C7EC /* FWAppDelegate.h */,
				46330FA918E2964100E5C7EC /* FWAppDelegate.m */,
				46330FAB18E2964100E5C7EC /* Images.xcassets */,
				46330FA018E2964100E5C7EC /* Supporting Files */,
				A6BD8013992770013A7E2DCC /* View Controllers */,
				A6BD8E7878082940867AADB3 /* Views */,
				A6BD85C9170D14B5DD851835 /* Models */,
				A6BD88C89AEEA4B5BF5737BA /* Categories */,
				B39354A54140E1EC0816A136 /* Resources */,
				5F29805319B29BB3006C4C91 /* DataModel.xcdatamodeld */,
			);
			path = Vie;
			sourceTree = "<group>";
		};
		46330FA018E2964100E5C7EC /* Supporting Files */ = {
			isa = PBXGroup;
			children = (
				46330FA118E2964100E5C7EC /* Vie-Info.plist */,
				46330FA218E2964100E5C7EC /* InfoPlist.strings */,
				46330FA518E2964100E5C7EC /* main.m */,
				46330FA718E2964100E5C7EC /* Vie-Prefix.pch */,
			);
			name = "Supporting Files";
			sourceTree = "<group>";
		};
		46330FB818E2964100E5C7EC /* VieTests */ = {
			isa = PBXGroup;
			children = (
				46330FBE18E2964100E5C7EC /* VieTests.m */,
				46330FB918E2964100E5C7EC /* Supporting Files */,
			);
			path = VieTests;
			sourceTree = "<group>";
		};
		46330FB918E2964100E5C7EC /* Supporting Files */ = {
			isa = PBXGroup;
			children = (
				46330FBA18E2964100E5C7EC /* VieTests-Info.plist */,
				46330FBB18E2964100E5C7EC /* InfoPlist.strings */,
			);
			name = "Supporting Files";
			sourceTree = "<group>";
		};
		A6BD8013992770013A7E2DCC /* View Controllers */ = {
			isa = PBXGroup;
			children = (
				5FB4510D19B542EC0040F524 /* FWGameViewController.xib */,
				A6BD81239C5465908CDDAA83 /* FWGameViewController.m */,
				A6BD8AD6579DFC560A5015F9 /* FWGameViewController.h */,
				A6BD8F008B945759E90FEF5C /* FWMainViewController.m */,
				A6BD808AFF54817340C0A620 /* FWMainViewController.h */,
				A6BD84DC839C08995F3571F3 /* Menu */,
				B393536C6758FDDB585B9FAD /* FWMainMenuViewController.m */,
				B3935446538A8833CCEA7A65 /* FWMainMenuViewController.h */,
				B393584039B2DDD70B05D3F7 /* FWQuickPlayMenuViewController.m */,
				B3935A865D5A17D0124B2B09 /* FWQuickPlayMenuViewController.h */,
				5FB4511519B56F280040F524 /* FWQuickPlayMenuController.xib */,
			);
			path = "View Controllers";
			sourceTree = "<group>";
		};
		A6BD83AE9AB22D29631499D8 /* TableViewCells */ = {
			isa = PBXGroup;
			children = (
				A6BD8C551EDB50DF2488C256 /* FWColorSchemeTableViewCell.h */,
				A6BD88FE98DB22E022C67288 /* FWSmartTableViewCell.m */,
				A6BD86536E6892BAEEA8ABCB /* FWSmartTableViewCell.h */,
				A6BD84700A1464DB1494D14C /* FWSavedGameTableViewCell.m */,
				A6BD88C336DCDC398652CC42 /* FWColorSchemeTableViewCell.m */,
				A6BD88B43A67D160B0A8986F /* FWSavedGameTableViewCell.h */,
				A6BD8EDF30BA0974376425DB /* FWCellPatternTableViewCell.m */,
				A6BD86C511ED5999B01F1F1B /* FWCellPatternTableViewCell.h */,
			);
			path = TableViewCells;
			sourceTree = "<group>";
		};
		A6BD84DC839C08995F3571F3 /* Menu */ = {
			isa = PBXGroup;
			children = (
				A6BD833129B45552540EB09D /* FWSavedGamePickerTableViewController.m */,
				A6BD853AA73F8765DB26E53C /* FWSavedGamePickerTableViewController.h */,
				A6BD89D2028CBCCB33714236 /* FWCellPatternPickerTableViewController.m */,
				A6BD800671CFA1FAAA661B35 /* FWCellPatternPickerTableViewController.h */,
				B39359E3F8913EF80F49CF55 /* FWGameSettingsViewController.m */,
				B3935BB769DA4E0FC1A31E70 /* FWGameSettingsViewController.h */,
				B393542D07FDFB318986B555 /* FWGameSettingsViewController.xib */,
				A6BD8C92FE91E66F48C87311 /* FWPatternPickerViewController.m */,
				A6BD8BF7B16172ED3DDB8D24 /* FWPatternPickerViewController.h */,
				46DB436E1A7F387300AF3366 /* FWPatternPickerViewController.xib */,
			);
			path = Menu;
			sourceTree = "<group>";
		};
		A6BD85C9170D14B5DD851835 /* Models */ = {
			isa = PBXGroup;
			children = (
				5F29805619B29ED8006C4C91 /* FWSavedGameModel.h */,
				5F29805719B29ED8006C4C91 /* FWSavedGameModel.m */,
				A6BD838C05C9C56987CA9F58 /* FWCellModel.m */,
				A6BD8A2E44E2D89FFF694DD0 /* FWCellModel.h */,
				A6BD8EEE1A070EFC4A7E8FA7 /* FWBoardSizeModel.m */,
				A6BD87CC274937BC97274E74 /* FWBoardSizeModel.h */,
				A6BD8A8C8A24BC057374AE68 /* FWColorSchemeModel.m */,
				A6BD88923F439D857C35A867 /* FWColorSchemeModel.h */,
				A6BD81E0EA6F40B6B7C5C34D /* FWRandomNumberGenerator.m */,
				A6BD89F1D2A18B6868D7879B /* FWRandomNumberGenerator.h */,
				A6BD84EC2D10EFF62891DCBB /* FWSettingsManager.m */,
				A6BD8EC4545250BB51B5318D /* FWSettingsManager.h */,
				A6BD82E63F111524CAD13825 /* FWUserModel.m */,
				A6BD8D0C66A406A3CF3F47C9 /* FWUserModel.h */,
				A6BD8C08B7E4AF2AD65E3BF5 /* FWCellPatternModel.m */,
				A6BD86C12D759F5A736D5812 /* FWCellPatternModel.h */,
				B3935AB2A86E92BA390F4D1C /* FWCellPatternLoader.m */,
				B3935B1A7B9F99B4EF158411 /* FWCellPatternLoader.h */,
				B3935B4A31A3B749D077D68E /* PatternFormatReaders */,
				B3935D54FA0ACE6E624116C7 /* FWGameSpeed.m */,
				B393542580658638A1A22397 /* FWGameSpeed.h */,
			);
			path = Models;
			sourceTree = "<group>";
		};
		A6BD86389D7A9CE6F76ADF39 /* CollectionViewCells */ = {
			isa = PBXGroup;
			children = (
				A6BD8A9FE5A6088AB496D9F1 /* FWPatternCollectionViewCell.m */,
				A6BD82ACAF736222FAB313EC /* FWPatternCollectionViewCell.h */,
			);
			path = CollectionViewCells;
			sourceTree = "<group>";
		};
		A6BD88C89AEEA4B5BF5737BA /* Categories */ = {
			isa = PBXGroup;
			children = (
				A6BD87C92FF24586F6F1DC83 /* UIColor+FWAppColors.m */,
				A6BD8A460358D84F00240009 /* UIColor+FWAppColors.h */,
				B39354FA427EDDAD37D20935 /* UIFont+FWAppFonts.m */,
				B3935A6E4750297783C74045 /* UIFont+FWAppFonts.h */,
				B39350255D4CEE63ED6B6129 /* UIView+FWConvenience.m */,
				B393517F0C800643852B9D41 /* UIView+FWConvenience.h */,
			);
			path = Categories;
			sourceTree = "<group>";
		};
		A6BD8E7878082940867AADB3 /* Views */ = {
			isa = PBXGroup;
			children = (
				A6BD8B6BF68F5AB7427B5296 /* FWBoardView.m */,
				A6BD836CE463AA1E6203A65D /* FWBoardView.h */,
				A6BD83AE9AB22D29631499D8 /* TableViewCells */,
				B393513F52048E2C3EA6CA1D /* Buttons */,
				B3935B98F73C784DF9D763FB /* FWTitleBar.m */,
				B3935AD6BA8621D05FAF331E /* FWTitleBar.h */,
				B3935A97627E0C51427F63AF /* FWGameToolbar.m */,
				B3935FB0A3013699512FCC9B /* FWGameToolbar.h */,
				A6BD86389D7A9CE6F76ADF39 /* CollectionViewCells */,
			);
			path = Views;
			sourceTree = "<group>";
		};
		B393513F52048E2C3EA6CA1D /* Buttons */ = {
			isa = PBXGroup;
			children = (
				B39357A3B12A8B057AAD77DE /* FWColorTile.m */,
				B39350932AD906BE0ACF4309 /* FWColorTile.h */,
				B3935C99FC906D5CFEC18740 /* FWSizeTile.h */,
				B393527A37CC8A72862273CC /* FWSizeTile.m */,
				B393540E31D6591EC0821C6E /* FWReflectiveTile.m */,
				B3935226FF194C247A21B7FB /* FWReflectiveTile.h */,
				B3935764090B6029FD2384A4 /* FWSpeedTile.m */,
				B39359B9F55AAEF760E04070 /* FWSpeedTile.h */,
				B39353334670759C86428AF0 /* FWMenuTile.m */,
				B393585F43474EFF8190097C /* FWMenuTile.h */,
			);
			path = Buttons;
			sourceTree = "<group>";
		};
		B39354A54140E1EC0816A136 /* Resources */ = {
			isa = PBXGroup;
			children = (
				B393569A4AFED5F4DAFDDF59 /* Localizable.strings */,
				B3935125771F4A068BE99A04 /* patterns.dat */,
				B3935CCC9C5FAD86A0A8E105 /* Fonts */,
			);
			path = Resources;
			sourceTree = "<group>";
		};
		B3935B4A31A3B749D077D68E /* PatternFormatReaders */ = {
			isa = PBXGroup;
			children = (
				B3935D2F5AFB88B89F1D9D90 /* FWRleReader.m */,
				B3935764A58EADFAA8362858 /* FWRleReader.h */,
				B3935C3ACD3F4A6DBAEF6BDE /* FWPatternFormatReader.h */,
			);
			path = PatternFormatReaders;
			sourceTree = "<group>";
		};
		B3935CCC9C5FAD86A0A8E105 /* Fonts */ = {
			isa = PBXGroup;
			children = (
				B3935736195C0E7546EDC1EE /* Avenir Next Condensed.ttc */,
				B3935957122AC1E35CD981CA /* Avenir Next.ttc */,
			);
			path = Fonts;
			sourceTree = "<group>";
		};
/* End PBXGroup section */

/* Begin PBXNativeTarget section */
		46330F9518E2964100E5C7EC /* Vie */ = {
			isa = PBXNativeTarget;
			buildConfigurationList = 46330FC218E2964100E5C7EC /* Build configuration list for PBXNativeTarget "Vie" */;
			buildPhases = (
				46330F9218E2964100E5C7EC /* Sources */,
				46330F9318E2964100E5C7EC /* Frameworks */,
				46330F9418E2964100E5C7EC /* Resources */,
			);
			buildRules = (
			);
			dependencies = (
			);
			name = Vie;
			productName = Vie;
			productReference = 46330F9618E2964100E5C7EC /* Vie.app */;
			productType = "com.apple.product-type.application";
		};
		46330FB018E2964100E5C7EC /* VieTests */ = {
			isa = PBXNativeTarget;
			buildConfigurationList = 46330FC518E2964100E5C7EC /* Build configuration list for PBXNativeTarget "VieTests" */;
			buildPhases = (
				46330FAD18E2964100E5C7EC /* Sources */,
				46330FAE18E2964100E5C7EC /* Frameworks */,
				46330FAF18E2964100E5C7EC /* Resources */,
			);
			buildRules = (
			);
			dependencies = (
				46330FB718E2964100E5C7EC /* PBXTargetDependency */,
			);
			name = VieTests;
			productName = VieTests;
			productReference = 46330FB118E2964100E5C7EC /* VieTests.xctest */;
			productType = "com.apple.product-type.bundle.unit-test";
		};
/* End PBXNativeTarget section */

/* Begin PBXProject section */
		46330F8E18E2964100E5C7EC /* Project object */ = {
			isa = PBXProject;
			attributes = {
				CLASSPREFIX = FW;
				LastUpgradeCheck = 0510;
				ORGANIZATIONNAME = "Fabien Warniez";
				TargetAttributes = {
					46330F9518E2964100E5C7EC = {
						DevelopmentTeam = RQ4AYF5N4T;
					};
					46330FB018E2964100E5C7EC = {
						TestTargetID = 46330F9518E2964100E5C7EC;
					};
				};
			};
			buildConfigurationList = 46330F9118E2964100E5C7EC /* Build configuration list for PBXProject "Vie" */;
			compatibilityVersion = "Xcode 3.2";
			developmentRegion = English;
			hasScannedForEncodings = 0;
			knownRegions = (
				en,
				fr,
			);
			mainGroup = 46330F8D18E2964100E5C7EC;
			productRefGroup = 46330F9718E2964100E5C7EC /* Products */;
			projectDirPath = "";
			projectRoot = "";
			targets = (
				46330F9518E2964100E5C7EC /* Vie */,
				46330FB018E2964100E5C7EC /* VieTests */,
			);
		};
/* End PBXProject section */

/* Begin PBXResourcesBuildPhase section */
		46330F9418E2964100E5C7EC /* Resources */ = {
			isa = PBXResourcesBuildPhase;
			buildActionMask = 2147483647;
			files = (
				46330FA418E2964100E5C7EC /* InfoPlist.strings in Resources */,
				46330FAC18E2964100E5C7EC /* Images.xcassets in Resources */,
				46DB436F1A7F387300AF3366 /* FWPatternPickerViewController.xib in Resources */,
				B3935135680D968D45AAD95B /* Localizable.strings in Resources */,
				B3935FA6823798258F5203A1 /* patterns.dat in Resources */,
				5FB4510F19B542EC0040F524 /* FWGameViewController.xib in Resources */,
				5FB4511619B56F280040F524 /* FWQuickPlayMenuController.xib in Resources */,
				B3935820369BEF29F55BEF35 /* FWGameSettingsViewController.xib in Resources */,
				B39356087CF49AA8E207FB15 /* Avenir Next Condensed.ttc in Resources */,
				B3935D369E6968DCAC9D8292 /* Avenir Next.ttc in Resources */,
			);
			runOnlyForDeploymentPostprocessing = 0;
		};
		46330FAF18E2964100E5C7EC /* Resources */ = {
			isa = PBXResourcesBuildPhase;
			buildActionMask = 2147483647;
			files = (
				46330FBD18E2964100E5C7EC /* InfoPlist.strings in Resources */,
			);
			runOnlyForDeploymentPostprocessing = 0;
		};
/* End PBXResourcesBuildPhase section */

/* Begin PBXSourcesBuildPhase section */
		46330F9218E2964100E5C7EC /* Sources */ = {
			isa = PBXSourcesBuildPhase;
			buildActionMask = 2147483647;
			files = (
				46330FA618E2964100E5C7EC /* main.m in Sources */,
				46330FAA18E2964100E5C7EC /* FWAppDelegate.m in Sources */,
				A6BD827A3B45D34D4E4F1AD2 /* FWGameViewController.m in Sources */,
				5F29805819B29ED8006C4C91 /* FWSavedGameModel.m in Sources */,
				A6BD857935F006E562D59215 /* FWCellModel.m in Sources */,
				A6BD8BB22C87B072BCAA3DE5 /* FWMainViewController.m in Sources */,
				A6BD8E8A0B77F033B2D2DEBE /* FWBoardView.m in Sources */,
				A6BD83CCA3F3D88E36020196 /* FWBoardSizeModel.m in Sources */,
				A6BD88AB0269B101CA8B092A /* FWColorSchemeModel.m in Sources */,
				A6BD85D9E6F095BA44C3EFC0 /* FWRandomNumberGenerator.m in Sources */,
				A6BD8D4E382AD099F9168486 /* FWSettingsManager.m in Sources */,
				A6BD8DF13ABCF912598D6E74 /* FWUserModel.m in Sources */,
				A6BD8715FACA0877A503A265 /* UIColor+FWAppColors.m in Sources */,
				A6BD851C41609CB297A00D35 /* FWSavedGamePickerTableViewController.m in Sources */,
				A6BD84B829B417077862371D /* FWSmartTableViewCell.m in Sources */,
				A6BD862E58B1CCC182817990 /* FWSavedGameTableViewCell.m in Sources */,
				A6BD8B7C075A22118D5D046C /* FWColorSchemeTableViewCell.m in Sources */,
				A6BD8686EEFCA8127AA8B817 /* FWCellPatternPickerTableViewController.m in Sources */,
				A6BD890533614F3D6AF2F6C2 /* FWCellPatternTableViewCell.m in Sources */,
				A6BD8FCD8CA8F9F4DB687236 /* FWCellPatternModel.m in Sources */,
				5F29805519B29BB3006C4C91 /* DataModel.xcdatamodeld in Sources */,
				B3935122B861B58E592BEFEB /* FWCellPatternLoader.m in Sources */,
				B3935B5381E7417A8D97A4EB /* FWRleReader.m in Sources */,
				B39355BF45D67AD507E80C27 /* FWMainMenuViewController.m in Sources */,
				B393556A420DDDCC1BC3926F /* UIFont+FWAppFonts.m in Sources */,
				B393587659FE47A6A07057E1 /* UIView+FWConvenience.m in Sources */,
				B3935CE8F8AD8AD6512B72BE /* FWQuickPlayMenuViewController.m in Sources */,
				B3935AA5BDA0DF56DF308BF2 /* FWGameSettingsViewController.m in Sources */,
				B393548F7B8F1B064AE10C7D /* FWColorTile.m in Sources */,
				B3935BF71AEF71211DCA2BC6 /* FWSizeTile.m in Sources */,
				B39351A07451E0E6F888EAA3 /* FWReflectiveTile.m in Sources */,
				B3935CBEDD0FBE03D628425C /* FWGameSpeed.m in Sources */,
				B3935E634DE9C7C44E3480CA /* FWSpeedTile.m in Sources */,
				B39357CB2D7EC4DA036A2B8E /* FWTitleBar.m in Sources */,
				B39358E3E71568502E140B8B /* FWGameToolbar.m in Sources */,
				B393539DD243836BB5958E25 /* FWMenuTile.m in Sources */,
				A6BD8CF255F5265DD20E2D15 /* FWPatternPickerViewController.m in Sources */,
				A6BD8DEB16ED331141F4F586 /* FWPatternCollectionViewCell.m in Sources */,
			);
			runOnlyForDeploymentPostprocessing = 0;
		};
		46330FAD18E2964100E5C7EC /* Sources */ = {
			isa = PBXSourcesBuildPhase;
			buildActionMask = 2147483647;
			files = (
				46330FBF18E2964100E5C7EC /* VieTests.m in Sources */,
			);
			runOnlyForDeploymentPostprocessing = 0;
		};
/* End PBXSourcesBuildPhase section */

/* Begin PBXTargetDependency section */
		46330FB718E2964100E5C7EC /* PBXTargetDependency */ = {
			isa = PBXTargetDependency;
			target = 46330F9518E2964100E5C7EC /* Vie */;
			targetProxy = 46330FB618E2964100E5C7EC /* PBXContainerItemProxy */;
		};
/* End PBXTargetDependency section */

/* Begin PBXVariantGroup section */
		46330FA218E2964100E5C7EC /* InfoPlist.strings */ = {
			isa = PBXVariantGroup;
			children = (
				46330FA318E2964100E5C7EC /* en */,
				4647352118FA1C1B003C2D15 /* fr */,
			);
			name = InfoPlist.strings;
			sourceTree = "<group>";
		};
		46330FBB18E2964100E5C7EC /* InfoPlist.strings */ = {
			isa = PBXVariantGroup;
			children = (
				46330FBC18E2964100E5C7EC /* en */,
			);
			name = InfoPlist.strings;
			sourceTree = "<group>";
		};
		B393569A4AFED5F4DAFDDF59 /* Localizable.strings */ = {
			isa = PBXVariantGroup;
			children = (
				B39358B9C09DE5678D48CEBF /* en */,
				B39357EEF679DDD1D5B5F8BC /* fr */,
			);
			name = Localizable.strings;
			sourceTree = "<group>";
		};
/* End PBXVariantGroup section */

/* Begin XCBuildConfiguration section */
		46330FC018E2964100E5C7EC /* Debug */ = {
			isa = XCBuildConfiguration;
			buildSettings = {
				ALWAYS_SEARCH_USER_PATHS = NO;
				CLANG_CXX_LANGUAGE_STANDARD = "gnu++0x";
				CLANG_CXX_LIBRARY = "libc++";
				CLANG_ENABLE_MODULES = YES;
				CLANG_ENABLE_OBJC_ARC = YES;
				CLANG_WARN_BOOL_CONVERSION = YES;
				CLANG_WARN_CONSTANT_CONVERSION = YES;
				CLANG_WARN_DIRECT_OBJC_ISA_USAGE = YES_ERROR;
				CLANG_WARN_EMPTY_BODY = YES;
				CLANG_WARN_ENUM_CONVERSION = YES;
				CLANG_WARN_INT_CONVERSION = YES;
				CLANG_WARN_OBJC_ROOT_CLASS = YES_ERROR;
				CLANG_WARN__DUPLICATE_METHOD_MATCH = YES;
				"CODE_SIGN_IDENTITY[sdk=iphoneos*]" = "iPhone Developer";
				COPY_PHASE_STRIP = NO;
				GCC_C_LANGUAGE_STANDARD = gnu99;
				GCC_DYNAMIC_NO_PIC = NO;
				GCC_OPTIMIZATION_LEVEL = 0;
				GCC_PREPROCESSOR_DEFINITIONS = (
					"DEBUG=1",
					"$(inherited)",
				);
				GCC_SYMBOLS_PRIVATE_EXTERN = NO;
				GCC_WARN_64_TO_32_BIT_CONVERSION = YES;
				GCC_WARN_ABOUT_RETURN_TYPE = YES_ERROR;
				GCC_WARN_UNDECLARED_SELECTOR = YES;
				GCC_WARN_UNINITIALIZED_AUTOS = YES_AGGRESSIVE;
				GCC_WARN_UNUSED_FUNCTION = YES;
				GCC_WARN_UNUSED_VARIABLE = YES;
				IPHONEOS_DEPLOYMENT_TARGET = 7.1;
				ONLY_ACTIVE_ARCH = YES;
				SDKROOT = iphoneos;
				TARGETED_DEVICE_FAMILY = "1,2";
			};
			name = Debug;
		};
		46330FC118E2964100E5C7EC /* Release */ = {
			isa = XCBuildConfiguration;
			buildSettings = {
				ALWAYS_SEARCH_USER_PATHS = NO;
				CLANG_CXX_LANGUAGE_STANDARD = "gnu++0x";
				CLANG_CXX_LIBRARY = "libc++";
				CLANG_ENABLE_MODULES = YES;
				CLANG_ENABLE_OBJC_ARC = YES;
				CLANG_WARN_BOOL_CONVERSION = YES;
				CLANG_WARN_CONSTANT_CONVERSION = YES;
				CLANG_WARN_DIRECT_OBJC_ISA_USAGE = YES_ERROR;
				CLANG_WARN_EMPTY_BODY = YES;
				CLANG_WARN_ENUM_CONVERSION = YES;
				CLANG_WARN_INT_CONVERSION = YES;
				CLANG_WARN_OBJC_ROOT_CLASS = YES_ERROR;
				CLANG_WARN__DUPLICATE_METHOD_MATCH = YES;
				"CODE_SIGN_IDENTITY[sdk=iphoneos*]" = "iPhone Developer";
				COPY_PHASE_STRIP = YES;
				ENABLE_NS_ASSERTIONS = NO;
				GCC_C_LANGUAGE_STANDARD = gnu99;
				GCC_WARN_64_TO_32_BIT_CONVERSION = YES;
				GCC_WARN_ABOUT_RETURN_TYPE = YES_ERROR;
				GCC_WARN_UNDECLARED_SELECTOR = YES;
				GCC_WARN_UNINITIALIZED_AUTOS = YES_AGGRESSIVE;
				GCC_WARN_UNUSED_FUNCTION = YES;
				GCC_WARN_UNUSED_VARIABLE = YES;
				IPHONEOS_DEPLOYMENT_TARGET = 7.1;
				SDKROOT = iphoneos;
				TARGETED_DEVICE_FAMILY = "1,2";
				VALIDATE_PRODUCT = YES;
			};
			name = Release;
		};
		46330FC318E2964100E5C7EC /* Debug */ = {
			isa = XCBuildConfiguration;
			buildSettings = {
				ASSETCATALOG_COMPILER_APPICON_NAME = AppIcon;
				ASSETCATALOG_COMPILER_LAUNCHIMAGE_NAME = LaunchImage;
				CLANG_ENABLE_MODULES = YES;
				CODE_SIGN_IDENTITY = "iPhone Developer";
				"CODE_SIGN_IDENTITY[sdk=iphoneos*]" = "iPhone Developer";
				GCC_PRECOMPILE_PREFIX_HEADER = YES;
				GCC_PREFIX_HEADER = "Vie/Vie-Prefix.pch";
				INFOPLIST_FILE = "Vie/Vie-Info.plist";
				IPHONEOS_DEPLOYMENT_TARGET = 7.0;
				LD_RUNPATH_SEARCH_PATHS = "$(inherited) @executable_path/Frameworks";
				PRODUCT_NAME = "$(TARGET_NAME)";
				PROVISIONING_PROFILE = "";
				SWIFT_OPTIMIZATION_LEVEL = "-Onone";
				WRAPPER_EXTENSION = app;
			};
			name = Debug;
		};
		46330FC418E2964100E5C7EC /* Release */ = {
			isa = XCBuildConfiguration;
			buildSettings = {
				ASSETCATALOG_COMPILER_APPICON_NAME = AppIcon;
				ASSETCATALOG_COMPILER_LAUNCHIMAGE_NAME = LaunchImage;
				CLANG_ENABLE_MODULES = YES;
				CODE_SIGN_IDENTITY = "iPhone Developer";
				"CODE_SIGN_IDENTITY[sdk=iphoneos*]" = "iPhone Developer";
				GCC_PRECOMPILE_PREFIX_HEADER = YES;
				GCC_PREFIX_HEADER = "Vie/Vie-Prefix.pch";
				INFOPLIST_FILE = "Vie/Vie-Info.plist";
				IPHONEOS_DEPLOYMENT_TARGET = 7.0;
				LD_RUNPATH_SEARCH_PATHS = "$(inherited) @executable_path/Frameworks";
				PRODUCT_NAME = "$(TARGET_NAME)";
				PROVISIONING_PROFILE = "";
				WRAPPER_EXTENSION = app;
			};
			name = Release;
		};
		46330FC618E2964100E5C7EC /* Debug */ = {
			isa = XCBuildConfiguration;
			buildSettings = {
				BUNDLE_LOADER = "$(BUILT_PRODUCTS_DIR)/Vie.app/Vie";
				FRAMEWORK_SEARCH_PATHS = (
					"$(SDKROOT)/Developer/Library/Frameworks",
					"$(inherited)",
					"$(DEVELOPER_FRAMEWORKS_DIR)",
				);
				GCC_PRECOMPILE_PREFIX_HEADER = YES;
				GCC_PREFIX_HEADER = "Vie/Vie-Prefix.pch";
				GCC_PREPROCESSOR_DEFINITIONS = (
					"DEBUG=1",
					"$(inherited)",
				);
				INFOPLIST_FILE = "VieTests/VieTests-Info.plist";
				PRODUCT_NAME = "$(TARGET_NAME)";
				TEST_HOST = "$(BUNDLE_LOADER)";
				WRAPPER_EXTENSION = xctest;
			};
			name = Debug;
		};
		46330FC718E2964100E5C7EC /* Release */ = {
			isa = XCBuildConfiguration;
			buildSettings = {
				BUNDLE_LOADER = "$(BUILT_PRODUCTS_DIR)/Vie.app/Vie";
				FRAMEWORK_SEARCH_PATHS = (
					"$(SDKROOT)/Developer/Library/Frameworks",
					"$(inherited)",
					"$(DEVELOPER_FRAMEWORKS_DIR)",
				);
				GCC_PRECOMPILE_PREFIX_HEADER = YES;
				GCC_PREFIX_HEADER = "Vie/Vie-Prefix.pch";
				INFOPLIST_FILE = "VieTests/VieTests-Info.plist";
				PRODUCT_NAME = "$(TARGET_NAME)";
				TEST_HOST = "$(BUNDLE_LOADER)";
				WRAPPER_EXTENSION = xctest;
			};
			name = Release;
		};
/* End XCBuildConfiguration section */

/* Begin XCConfigurationList section */
		46330F9118E2964100E5C7EC /* Build configuration list for PBXProject "Vie" */ = {
			isa = XCConfigurationList;
			buildConfigurations = (
				46330FC018E2964100E5C7EC /* Debug */,
				46330FC118E2964100E5C7EC /* Release */,
			);
			defaultConfigurationIsVisible = 0;
			defaultConfigurationName = Release;
		};
		46330FC218E2964100E5C7EC /* Build configuration list for PBXNativeTarget "Vie" */ = {
			isa = XCConfigurationList;
			buildConfigurations = (
				46330FC318E2964100E5C7EC /* Debug */,
				46330FC418E2964100E5C7EC /* Release */,
			);
			defaultConfigurationIsVisible = 0;
			defaultConfigurationName = Release;
		};
		46330FC518E2964100E5C7EC /* Build configuration list for PBXNativeTarget "VieTests" */ = {
			isa = XCConfigurationList;
			buildConfigurations = (
				46330FC618E2964100E5C7EC /* Debug */,
				46330FC718E2964100E5C7EC /* Release */,
			);
			defaultConfigurationIsVisible = 0;
			defaultConfigurationName = Release;
		};
/* End XCConfigurationList section */

/* Begin XCVersionGroup section */
		5F29805319B29BB3006C4C91 /* DataModel.xcdatamodeld */ = {
			isa = XCVersionGroup;
			children = (
				5F29805419B29BB3006C4C91 /* DataModel.xcdatamodel */,
			);
			currentVersion = 5F29805419B29BB3006C4C91 /* DataModel.xcdatamodel */;
			path = DataModel.xcdatamodeld;
			sourceTree = "<group>";
			versionGroupType = wrapper.xcdatamodel;
		};
/* End XCVersionGroup section */
	};
	rootObject = 46330F8E18E2964100E5C7EC /* Project object */;
}
