// !$*UTF8*$!
{
	archiveVersion = 1;
	classes = {
	};
	objectVersion = 46;
	objects = {

/* Begin PBXBuildFile section */
		46330F9A18E2964100E5C7EC /* Foundation.framework in Frameworks */ = {isa = PBXBuildFile; fileRef = 46330F9918E2964100E5C7EC /* Foundation.framework */; };
		46330F9C18E2964100E5C7EC /* CoreGraphics.framework in Frameworks */ = {isa = PBXBuildFile; fileRef = 46330F9B18E2964100E5C7EC /* CoreGraphics.framework */; };
		46330F9E18E2964100E5C7EC /* UIKit.framework in Frameworks */ = {isa = PBXBuildFile; fileRef = 46330F9D18E2964100E5C7EC /* UIKit.framework */; };
		46330FA418E2964100E5C7EC /* InfoPlist.strings in Resources */ = {isa = PBXBuildFile; fileRef = 46330FA218E2964100E5C7EC /* InfoPlist.strings */; };
		46330FA618E2964100E5C7EC /* main.m in Sources */ = {isa = PBXBuildFile; fileRef = 46330FA518E2964100E5C7EC /* main.m */; };
		46330FAA18E2964100E5C7EC /* FWAppDelegate.m in Sources */ = {isa = PBXBuildFile; fileRef = 46330FA918E2964100E5C7EC /* FWAppDelegate.m */; };
		46330FAC18E2964100E5C7EC /* Images.xcassets in Resources */ = {isa = PBXBuildFile; fileRef = 46330FAB18E2964100E5C7EC /* Images.xcassets */; };
		46330FB318E2964100E5C7EC /* XCTest.framework in Frameworks */ = {isa = PBXBuildFile; fileRef = 46330FB218E2964100E5C7EC /* XCTest.framework */; };
		46330FB418E2964100E5C7EC /* Foundation.framework in Frameworks */ = {isa = PBXBuildFile; fileRef = 46330F9918E2964100E5C7EC /* Foundation.framework */; };
		46330FB518E2964100E5C7EC /* UIKit.framework in Frameworks */ = {isa = PBXBuildFile; fileRef = 46330F9D18E2964100E5C7EC /* UIKit.framework */; };
		46330FBD18E2964100E5C7EC /* InfoPlist.strings in Resources */ = {isa = PBXBuildFile; fileRef = 46330FBB18E2964100E5C7EC /* InfoPlist.strings */; };
		46330FBF18E2964100E5C7EC /* VieTests.m in Sources */ = {isa = PBXBuildFile; fileRef = 46330FBE18E2964100E5C7EC /* VieTests.m */; };
		A6BD8018D114C5E7674F3EB2 /* Colors.plist in Resources */ = {isa = PBXBuildFile; fileRef = A6BD8C0E6D6B384D0122E516 /* Colors.plist */; };
		A6BD80297226552BB8AADC90 /* UIColor+FWConvenience.m in Sources */ = {isa = PBXBuildFile; fileRef = A6BD8D536C6FE056313634DE /* UIColor+FWConvenience.m */; };
		A6BD827A3B45D34D4E4F1AD2 /* FWGameViewController.m in Sources */ = {isa = PBXBuildFile; fileRef = A6BD81239C5465908CDDAA83 /* FWGameViewController.m */; };
		A6BD831D292B52B6C183C24C /* FWColorSchemePickerTableViewController.m in Sources */ = {isa = PBXBuildFile; fileRef = A6BD8EFE3203A78EA52393E6 /* FWColorSchemePickerTableViewController.m */; };
		A6BD83CCA3F3D88E36020196 /* FWGameBoardSizeModel.m in Sources */ = {isa = PBXBuildFile; fileRef = A6BD8EEE1A070EFC4A7E8FA7 /* FWGameBoardSizeModel.m */; };
		A6BD857935F006E562D59215 /* FWCellModel.m in Sources */ = {isa = PBXBuildFile; fileRef = A6BD838C05C9C56987CA9F58 /* FWCellModel.m */; };
		A6BD858F3D85F6400A71AEE9 /* FWColorSchemeTableViewCell.xib in Resources */ = {isa = PBXBuildFile; fileRef = A6BD8995A2F804533888BDAA /* FWColorSchemeTableViewCell.xib */; };
		A6BD85D9E6F095BA44C3EFC0 /* FWRandomNumberGenerator.m in Sources */ = {isa = PBXBuildFile; fileRef = A6BD81E0EA6F40B6B7C5C34D /* FWRandomNumberGenerator.m */; };
		A6BD8649F73DC07B12F3613E /* FWColorSchemeTableViewCell.m in Sources */ = {isa = PBXBuildFile; fileRef = A6BD8830A217EEAF9B7E1DD3 /* FWColorSchemeTableViewCell.m */; };
		A6BD8680990F497C1682DC19 /* FWGameViewController.xib in Resources */ = {isa = PBXBuildFile; fileRef = A6BD82764DB78469ADF28EC1 /* FWGameViewController.xib */; };
		A6BD88AB0269B101CA8B092A /* FWColorSchemeModel.m in Sources */ = {isa = PBXBuildFile; fileRef = A6BD8A8C8A24BC057374AE68 /* FWColorSchemeModel.m */; };
		A6BD88C08766E21D77B79760 /* FWMainMenuViewController.m in Sources */ = {isa = PBXBuildFile; fileRef = A6BD80FCE400FDAB18145184 /* FWMainMenuViewController.m */; };
		A6BD8BB22C87B072BCAA3DE5 /* FWMainViewController.m in Sources */ = {isa = PBXBuildFile; fileRef = A6BD8F008B945759E90FEF5C /* FWMainViewController.m */; };
		A6BD8D1EAB617431B8D658BF /* Localizable.strings in Resources */ = {isa = PBXBuildFile; fileRef = A6BD85A95F13A91085192362 /* Localizable.strings */; };
		A6BD8D4E382AD099F9168486 /* FWSettingsManager.m in Sources */ = {isa = PBXBuildFile; fileRef = A6BD84EC2D10EFF62891DCBB /* FWSettingsManager.m */; };
		A6BD8DF13ABCF912598D6E74 /* FWUserModel.m in Sources */ = {isa = PBXBuildFile; fileRef = A6BD82E63F111524CAD13825 /* FWUserModel.m */; };
		A6BD8E8A0B77F033B2D2DEBE /* FWGameBoardView.m in Sources */ = {isa = PBXBuildFile; fileRef = A6BD8B6BF68F5AB7427B5296 /* FWGameBoardView.m */; };
/* End PBXBuildFile section */

/* Begin PBXContainerItemProxy section */
		46330FB618E2964100E5C7EC /* PBXContainerItemProxy */ = {
			isa = PBXContainerItemProxy;
			containerPortal = 46330F8E18E2964100E5C7EC /* Project object */;
			proxyType = 1;
			remoteGlobalIDString = 46330F9518E2964100E5C7EC;
			remoteInfo = Vie;
		};
/* End PBXContainerItemProxy section */

/* Begin PBXFileReference section */
		46330F9618E2964100E5C7EC /* Vie.app */ = {isa = PBXFileReference; explicitFileType = wrapper.application; includeInIndex = 0; path = Vie.app; sourceTree = BUILT_PRODUCTS_DIR; };
		46330F9918E2964100E5C7EC /* Foundation.framework */ = {isa = PBXFileReference; lastKnownFileType = wrapper.framework; name = Foundation.framework; path = System/Library/Frameworks/Foundation.framework; sourceTree = SDKROOT; };
		46330F9B18E2964100E5C7EC /* CoreGraphics.framework */ = {isa = PBXFileReference; lastKnownFileType = wrapper.framework; name = CoreGraphics.framework; path = System/Library/Frameworks/CoreGraphics.framework; sourceTree = SDKROOT; };
		46330F9D18E2964100E5C7EC /* UIKit.framework */ = {isa = PBXFileReference; lastKnownFileType = wrapper.framework; name = UIKit.framework; path = System/Library/Frameworks/UIKit.framework; sourceTree = SDKROOT; };
		46330FA118E2964100E5C7EC /* Vie-Info.plist */ = {isa = PBXFileReference; lastKnownFileType = text.plist.xml; path = "Vie-Info.plist"; sourceTree = "<group>"; };
		46330FA318E2964100E5C7EC /* en */ = {isa = PBXFileReference; lastKnownFileType = text.plist.strings; name = en; path = en.lproj/InfoPlist.strings; sourceTree = "<group>"; };
		46330FA518E2964100E5C7EC /* main.m */ = {isa = PBXFileReference; lastKnownFileType = sourcecode.c.objc; path = main.m; sourceTree = "<group>"; };
		46330FA718E2964100E5C7EC /* Vie-Prefix.pch */ = {isa = PBXFileReference; lastKnownFileType = sourcecode.c.h; path = "Vie-Prefix.pch"; sourceTree = "<group>"; };
		46330FA818E2964100E5C7EC /* FWAppDelegate.h */ = {isa = PBXFileReference; lastKnownFileType = sourcecode.c.h; path = FWAppDelegate.h; sourceTree = "<group>"; };
		46330FA918E2964100E5C7EC /* FWAppDelegate.m */ = {isa = PBXFileReference; lastKnownFileType = sourcecode.c.objc; path = FWAppDelegate.m; sourceTree = "<group>"; };
		46330FAB18E2964100E5C7EC /* Images.xcassets */ = {isa = PBXFileReference; lastKnownFileType = folder.assetcatalog; path = Images.xcassets; sourceTree = "<group>"; };
		46330FB118E2964100E5C7EC /* VieTests.xctest */ = {isa = PBXFileReference; explicitFileType = wrapper.cfbundle; includeInIndex = 0; path = VieTests.xctest; sourceTree = BUILT_PRODUCTS_DIR; };
		46330FB218E2964100E5C7EC /* XCTest.framework */ = {isa = PBXFileReference; lastKnownFileType = wrapper.framework; name = XCTest.framework; path = Library/Frameworks/XCTest.framework; sourceTree = DEVELOPER_DIR; };
		46330FBA18E2964100E5C7EC /* VieTests-Info.plist */ = {isa = PBXFileReference; lastKnownFileType = text.plist.xml; path = "VieTests-Info.plist"; sourceTree = "<group>"; };
		46330FBC18E2964100E5C7EC /* en */ = {isa = PBXFileReference; lastKnownFileType = text.plist.strings; name = en; path = en.lproj/InfoPlist.strings; sourceTree = "<group>"; };
		46330FBE18E2964100E5C7EC /* VieTests.m */ = {isa = PBXFileReference; lastKnownFileType = sourcecode.c.objc; path = VieTests.m; sourceTree = "<group>"; };
		4647352118FA1C1B003C2D15 /* fr */ = {isa = PBXFileReference; lastKnownFileType = text.plist.strings; name = fr; path = fr.lproj/InfoPlist.strings; sourceTree = "<group>"; };
		A6BD8079034775ACBDEAA9A3 /* FWColorSchemeTableViewCell.h */ = {isa = PBXFileReference; fileEncoding = 4; lastKnownFileType = sourcecode.c.h; path = FWColorSchemeTableViewCell.h; sourceTree = "<group>"; };
		A6BD808AFF54817340C0A620 /* FWMainViewController.h */ = {isa = PBXFileReference; fileEncoding = 4; lastKnownFileType = sourcecode.c.h; path = FWMainViewController.h; sourceTree = "<group>"; };
		A6BD809D970021CD00AA3AF1 /* fr */ = {isa = PBXFileReference; fileEncoding = 4; lastKnownFileType = text.plist; name = fr; path = Vie/fr.lproj/Colors.plist; sourceTree = SOURCE_ROOT; };
		A6BD80FCE400FDAB18145184 /* FWMainMenuViewController.m */ = {isa = PBXFileReference; fileEncoding = 4; lastKnownFileType = sourcecode.c.objc; path = FWMainMenuViewController.m; sourceTree = "<group>"; };
		A6BD81239C5465908CDDAA83 /* FWGameViewController.m */ = {isa = PBXFileReference; fileEncoding = 4; lastKnownFileType = sourcecode.c.objc; path = FWGameViewController.m; sourceTree = "<group>"; };
		A6BD815FCE73D1EA77EF34BD /* en */ = {isa = PBXFileReference; fileEncoding = 4; lastKnownFileType = text.plist.strings; name = en; path = Vie/en.lproj/Localizable.strings; sourceTree = SOURCE_ROOT; };
		A6BD81E0EA6F40B6B7C5C34D /* FWRandomNumberGenerator.m */ = {isa = PBXFileReference; fileEncoding = 4; lastKnownFileType = sourcecode.c.objc; path = FWRandomNumberGenerator.m; sourceTree = "<group>"; };
		A6BD82E63F111524CAD13825 /* FWUserModel.m */ = {isa = PBXFileReference; fileEncoding = 4; lastKnownFileType = sourcecode.c.objc; path = FWUserModel.m; sourceTree = "<group>"; };
		A6BD8320CBAFA5E3A03C92EF /* FWColorSchemePickerTableViewController.h */ = {isa = PBXFileReference; fileEncoding = 4; lastKnownFileType = sourcecode.c.h; path = FWColorSchemePickerTableViewController.h; sourceTree = "<group>"; };
		A6BD836CE463AA1E6203A65D /* FWGameBoardView.h */ = {isa = PBXFileReference; fileEncoding = 4; lastKnownFileType = sourcecode.c.h; path = FWGameBoardView.h; sourceTree = "<group>"; };
		A6BD838C05C9C56987CA9F58 /* FWCellModel.m */ = {isa = PBXFileReference; fileEncoding = 4; lastKnownFileType = sourcecode.c.objc; path = FWCellModel.m; sourceTree = "<group>"; };
		A6BD84EC2D10EFF62891DCBB /* FWSettingsManager.m */ = {isa = PBXFileReference; fileEncoding = 4; lastKnownFileType = sourcecode.c.objc; path = FWSettingsManager.m; sourceTree = "<group>"; };
		A6BD86BCF885F8D58881822E /* FWMainMenuViewController.h */ = {isa = PBXFileReference; fileEncoding = 4; lastKnownFileType = sourcecode.c.h; path = FWMainMenuViewController.h; sourceTree = "<group>"; };
		A6BD87CC274937BC97274E74 /* FWGameBoardSizeModel.h */ = {isa = PBXFileReference; fileEncoding = 4; lastKnownFileType = sourcecode.c.h; path = FWGameBoardSizeModel.h; sourceTree = "<group>"; };
		A6BD8830A217EEAF9B7E1DD3 /* FWColorSchemeTableViewCell.m */ = {isa = PBXFileReference; fileEncoding = 4; lastKnownFileType = sourcecode.c.objc; path = FWColorSchemeTableViewCell.m; sourceTree = "<group>"; };
		A6BD88923F439D857C35A867 /* FWColorSchemeModel.h */ = {isa = PBXFileReference; fileEncoding = 4; lastKnownFileType = sourcecode.c.h; path = FWColorSchemeModel.h; sourceTree = "<group>"; };
		A6BD8995A2F804533888BDAA /* FWColorSchemeTableViewCell.xib */ = {isa = PBXFileReference; lastKnownFileType = file.xib; path = FWColorSchemeTableViewCell.xib; sourceTree = "<group>"; };
		A6BD89C4DD3943FB54779A26 /* en */ = {isa = PBXFileReference; lastKnownFileType = file.xib; name = en; path = Vie/NIBs/en.lproj/FWGameViewController.xib; sourceTree = SOURCE_ROOT; };
		A6BD89F1D2A18B6868D7879B /* FWRandomNumberGenerator.h */ = {isa = PBXFileReference; fileEncoding = 4; lastKnownFileType = sourcecode.c.h; path = FWRandomNumberGenerator.h; sourceTree = "<group>"; };
		A6BD8A2E44E2D89FFF694DD0 /* FWCellModel.h */ = {isa = PBXFileReference; fileEncoding = 4; lastKnownFileType = sourcecode.c.h; path = FWCellModel.h; sourceTree = "<group>"; };
		A6BD8A7310B4D1BC803C24C1 /* en */ = {isa = PBXFileReference; fileEncoding = 4; lastKnownFileType = text.plist; name = en; path = Vie/en.lproj/Colors.plist; sourceTree = SOURCE_ROOT; };
		A6BD8A8C8A24BC057374AE68 /* FWColorSchemeModel.m */ = {isa = PBXFileReference; fileEncoding = 4; lastKnownFileType = sourcecode.c.objc; path = FWColorSchemeModel.m; sourceTree = "<group>"; };
		A6BD8AD6579DFC560A5015F9 /* FWGameViewController.h */ = {isa = PBXFileReference; fileEncoding = 4; lastKnownFileType = sourcecode.c.h; path = FWGameViewController.h; sourceTree = "<group>"; };
		A6BD8B6BF68F5AB7427B5296 /* FWGameBoardView.m */ = {isa = PBXFileReference; fileEncoding = 4; lastKnownFileType = sourcecode.c.objc; path = FWGameBoardView.m; sourceTree = "<group>"; };
		A6BD8D0C66A406A3CF3F47C9 /* FWUserModel.h */ = {isa = PBXFileReference; fileEncoding = 4; lastKnownFileType = sourcecode.c.h; path = FWUserModel.h; sourceTree = "<group>"; };
		A6BD8D536C6FE056313634DE /* UIColor+FWConvenience.m */ = {isa = PBXFileReference; fileEncoding = 4; lastKnownFileType = sourcecode.c.objc; path = "UIColor+FWConvenience.m"; sourceTree = "<group>"; };
		A6BD8E875DF22FFD2EB1E643 /* fr */ = {isa = PBXFileReference; fileEncoding = 4; lastKnownFileType = text.plist.strings; name = fr; path = Vie/fr.lproj/Localizable.strings; sourceTree = SOURCE_ROOT; };
		A6BD8E8A233B5C0375F77041 /* UIColor+FWConvenience.h */ = {isa = PBXFileReference; fileEncoding = 4; lastKnownFileType = sourcecode.c.h; path = "UIColor+FWConvenience.h"; sourceTree = "<group>"; };
		A6BD8EC4545250BB51B5318D /* FWSettingsManager.h */ = {isa = PBXFileReference; fileEncoding = 4; lastKnownFileType = sourcecode.c.h; path = FWSettingsManager.h; sourceTree = "<group>"; };
		A6BD8EEE1A070EFC4A7E8FA7 /* FWGameBoardSizeModel.m */ = {isa = PBXFileReference; fileEncoding = 4; lastKnownFileType = sourcecode.c.objc; path = FWGameBoardSizeModel.m; sourceTree = "<group>"; };
		A6BD8EFE3203A78EA52393E6 /* FWColorSchemePickerTableViewController.m */ = {isa = PBXFileReference; fileEncoding = 4; lastKnownFileType = sourcecode.c.objc; path = FWColorSchemePickerTableViewController.m; sourceTree = "<group>"; };
		A6BD8F008B945759E90FEF5C /* FWMainViewController.m */ = {isa = PBXFileReference; fileEncoding = 4; lastKnownFileType = sourcecode.c.objc; path = FWMainViewController.m; sourceTree = "<group>"; };
/* End PBXFileReference section */

/* Begin PBXFrameworksBuildPhase section */
		46330F9318E2964100E5C7EC /* Frameworks */ = {
			isa = PBXFrameworksBuildPhase;
			buildActionMask = 2147483647;
			files = (
				46330F9C18E2964100E5C7EC /* CoreGraphics.framework in Frameworks */,
				46330F9E18E2964100E5C7EC /* UIKit.framework in Frameworks */,
				46330F9A18E2964100E5C7EC /* Foundation.framework in Frameworks */,
			);
			runOnlyForDeploymentPostprocessing = 0;
		};
		46330FAE18E2964100E5C7EC /* Frameworks */ = {
			isa = PBXFrameworksBuildPhase;
			buildActionMask = 2147483647;
			files = (
				46330FB318E2964100E5C7EC /* XCTest.framework in Frameworks */,
				46330FB518E2964100E5C7EC /* UIKit.framework in Frameworks */,
				46330FB418E2964100E5C7EC /* Foundation.framework in Frameworks */,
			);
			runOnlyForDeploymentPostprocessing = 0;
		};
/* End PBXFrameworksBuildPhase section */

/* Begin PBXGroup section */
		46330F8D18E2964100E5C7EC = {
			isa = PBXGroup;
			children = (
				46330F9F18E2964100E5C7EC /* Vie */,
				46330FB818E2964100E5C7EC /* VieTests */,
				46330F9818E2964100E5C7EC /* Frameworks */,
				46330F9718E2964100E5C7EC /* Products */,
			);
			sourceTree = "<group>";
		};
		46330F9718E2964100E5C7EC /* Products */ = {
			isa = PBXGroup;
			children = (
				46330F9618E2964100E5C7EC /* Vie.app */,
				46330FB118E2964100E5C7EC /* VieTests.xctest */,
			);
			name = Products;
			sourceTree = "<group>";
		};
		46330F9818E2964100E5C7EC /* Frameworks */ = {
			isa = PBXGroup;
			children = (
				46330F9918E2964100E5C7EC /* Foundation.framework */,
				46330F9B18E2964100E5C7EC /* CoreGraphics.framework */,
				46330F9D18E2964100E5C7EC /* UIKit.framework */,
				46330FB218E2964100E5C7EC /* XCTest.framework */,
			);
			name = Frameworks;
			sourceTree = "<group>";
		};
		46330F9F18E2964100E5C7EC /* Vie */ = {
			isa = PBXGroup;
			children = (
				46330FA818E2964100E5C7EC /* FWAppDelegate.h */,
				46330FA918E2964100E5C7EC /* FWAppDelegate.m */,
				46330FAB18E2964100E5C7EC /* Images.xcassets */,
				46330FA018E2964100E5C7EC /* Supporting Files */,
				A6BD8013992770013A7E2DCC /* View Controllers */,
				A6BD8E7878082940867AADB3 /* Views */,
				A6BD85C9170D14B5DD851835 /* Models */,
				A6BD8D1888D13A8C9EBACC82 /* Categories */,
				A6BD8EF0FE586169CB31E227 /* Resources */,
			);
			path = Vie;
			sourceTree = "<group>";
		};
		46330FA018E2964100E5C7EC /* Supporting Files */ = {
			isa = PBXGroup;
			children = (
				46330FA118E2964100E5C7EC /* Vie-Info.plist */,
				46330FA218E2964100E5C7EC /* InfoPlist.strings */,
				46330FA518E2964100E5C7EC /* main.m */,
				46330FA718E2964100E5C7EC /* Vie-Prefix.pch */,
			);
			name = "Supporting Files";
			sourceTree = "<group>";
		};
		46330FB818E2964100E5C7EC /* VieTests */ = {
			isa = PBXGroup;
			children = (
				46330FBE18E2964100E5C7EC /* VieTests.m */,
				46330FB918E2964100E5C7EC /* Supporting Files */,
			);
			path = VieTests;
			sourceTree = "<group>";
		};
		46330FB918E2964100E5C7EC /* Supporting Files */ = {
			isa = PBXGroup;
			children = (
				46330FBA18E2964100E5C7EC /* VieTests-Info.plist */,
				46330FBB18E2964100E5C7EC /* InfoPlist.strings */,
			);
			name = "Supporting Files";
			sourceTree = "<group>";
		};
		A6BD8013992770013A7E2DCC /* View Controllers */ = {
			isa = PBXGroup;
			children = (
				A6BD81239C5465908CDDAA83 /* FWGameViewController.m */,
				A6BD8AD6579DFC560A5015F9 /* FWGameViewController.h */,
				A6BD8F008B945759E90FEF5C /* FWMainViewController.m */,
				A6BD808AFF54817340C0A620 /* FWMainViewController.h */,
				A6BD80FCE400FDAB18145184 /* FWMainMenuViewController.m */,
				A6BD86BCF885F8D58881822E /* FWMainMenuViewController.h */,
				A6BD8EFE3203A78EA52393E6 /* FWColorSchemePickerTableViewController.m */,
				A6BD8320CBAFA5E3A03C92EF /* FWColorSchemePickerTableViewController.h */,
				A6BD82764DB78469ADF28EC1 /* FWGameViewController.xib */,
			);
			path = "View Controllers";
			sourceTree = "<group>";
		};
		A6BD85C9170D14B5DD851835 /* Models */ = {
			isa = PBXGroup;
			children = (
				A6BD838C05C9C56987CA9F58 /* FWCellModel.m */,
				A6BD8A2E44E2D89FFF694DD0 /* FWCellModel.h */,
				A6BD8EEE1A070EFC4A7E8FA7 /* FWGameBoardSizeModel.m */,
				A6BD87CC274937BC97274E74 /* FWGameBoardSizeModel.h */,
				A6BD8A8C8A24BC057374AE68 /* FWColorSchemeModel.m */,
				A6BD88923F439D857C35A867 /* FWColorSchemeModel.h */,
				A6BD81E0EA6F40B6B7C5C34D /* FWRandomNumberGenerator.m */,
				A6BD89F1D2A18B6868D7879B /* FWRandomNumberGenerator.h */,
				A6BD84EC2D10EFF62891DCBB /* FWSettingsManager.m */,
				A6BD8EC4545250BB51B5318D /* FWSettingsManager.h */,
				A6BD82E63F111524CAD13825 /* FWUserModel.m */,
				A6BD8D0C66A406A3CF3F47C9 /* FWUserModel.h */,
			);
			path = Models;
			sourceTree = "<group>";
		};
		A6BD8D1888D13A8C9EBACC82 /* Categories */ = {
			isa = PBXGroup;
			children = (
				A6BD8D536C6FE056313634DE /* UIColor+FWConvenience.m */,
				A6BD8E8A233B5C0375F77041 /* UIColor+FWConvenience.h */,
			);
			path = Categories;
			sourceTree = "<group>";
		};
		A6BD8E7878082940867AADB3 /* Views */ = {
			isa = PBXGroup;
			children = (
				A6BD8B6BF68F5AB7427B5296 /* FWGameBoardView.m */,
				A6BD836CE463AA1E6203A65D /* FWGameBoardView.h */,
				A6BD8830A217EEAF9B7E1DD3 /* FWColorSchemeTableViewCell.m */,
				A6BD8079034775ACBDEAA9A3 /* FWColorSchemeTableViewCell.h */,
				A6BD8995A2F804533888BDAA /* FWColorSchemeTableViewCell.xib */,
			);
			path = Views;
			sourceTree = "<group>";
		};
		A6BD8EF0FE586169CB31E227 /* Resources */ = {
			isa = PBXGroup;
			children = (
				A6BD85A95F13A91085192362 /* Localizable.strings */,
				A6BD8C0E6D6B384D0122E516 /* Colors.plist */,
			);
			path = Resources;
			sourceTree = "<group>";
		};
/* End PBXGroup section */

/* Begin PBXNativeTarget section */
		46330F9518E2964100E5C7EC /* Vie */ = {
			isa = PBXNativeTarget;
			buildConfigurationList = 46330FC218E2964100E5C7EC /* Build configuration list for PBXNativeTarget "Vie" */;
			buildPhases = (
				46330F9218E2964100E5C7EC /* Sources */,
				46330F9318E2964100E5C7EC /* Frameworks */,
				46330F9418E2964100E5C7EC /* Resources */,
			);
			buildRules = (
			);
			dependencies = (
			);
			name = Vie;
			productName = Vie;
			productReference = 46330F9618E2964100E5C7EC /* Vie.app */;
			productType = "com.apple.product-type.application";
		};
		46330FB018E2964100E5C7EC /* VieTests */ = {
			isa = PBXNativeTarget;
			buildConfigurationList = 46330FC518E2964100E5C7EC /* Build configuration list for PBXNativeTarget "VieTests" */;
			buildPhases = (
				46330FAD18E2964100E5C7EC /* Sources */,
				46330FAE18E2964100E5C7EC /* Frameworks */,
				46330FAF18E2964100E5C7EC /* Resources */,
			);
			buildRules = (
			);
			dependencies = (
				46330FB718E2964100E5C7EC /* PBXTargetDependency */,
			);
			name = VieTests;
			productName = VieTests;
			productReference = 46330FB118E2964100E5C7EC /* VieTests.xctest */;
			productType = "com.apple.product-type.bundle.unit-test";
		};
/* End PBXNativeTarget section */

/* Begin PBXProject section */
		46330F8E18E2964100E5C7EC /* Project object */ = {
			isa = PBXProject;
			attributes = {
				CLASSPREFIX = FW;
				LastUpgradeCheck = 0510;
				ORGANIZATIONNAME = "Fabien Warniez";
				TargetAttributes = {
					46330F9518E2964100E5C7EC = {
						DevelopmentTeam = HC9GUA88Q8;
					};
					46330FB018E2964100E5C7EC = {
						TestTargetID = 46330F9518E2964100E5C7EC;
					};
				};
			};
			buildConfigurationList = 46330F9118E2964100E5C7EC /* Build configuration list for PBXProject "Vie" */;
			compatibilityVersion = "Xcode 3.2";
			developmentRegion = English;
			hasScannedForEncodings = 0;
			knownRegions = (
				en,
				fr,
			);
			mainGroup = 46330F8D18E2964100E5C7EC;
			productRefGroup = 46330F9718E2964100E5C7EC /* Products */;
			projectDirPath = "";
			projectRoot = "";
			targets = (
				46330F9518E2964100E5C7EC /* Vie */,
				46330FB018E2964100E5C7EC /* VieTests */,
			);
		};
/* End PBXProject section */

/* Begin PBXResourcesBuildPhase section */
		46330F9418E2964100E5C7EC /* Resources */ = {
			isa = PBXResourcesBuildPhase;
			buildActionMask = 2147483647;
			files = (
				46330FA418E2964100E5C7EC /* InfoPlist.strings in Resources */,
				46330FAC18E2964100E5C7EC /* Images.xcassets in Resources */,
				A6BD8D1EAB617431B8D658BF /* Localizable.strings in Resources */,
				A6BD8018D114C5E7674F3EB2 /* Colors.plist in Resources */,
				A6BD858F3D85F6400A71AEE9 /* FWColorSchemeTableViewCell.xib in Resources */,
				A6BD8680990F497C1682DC19 /* FWGameViewController.xib in Resources */,
			);
			runOnlyForDeploymentPostprocessing = 0;
		};
		46330FAF18E2964100E5C7EC /* Resources */ = {
			isa = PBXResourcesBuildPhase;
			buildActionMask = 2147483647;
			files = (
				46330FBD18E2964100E5C7EC /* InfoPlist.strings in Resources */,
			);
			runOnlyForDeploymentPostprocessing = 0;
		};
/* End PBXResourcesBuildPhase section */

/* Begin PBXSourcesBuildPhase section */
		46330F9218E2964100E5C7EC /* Sources */ = {
			isa = PBXSourcesBuildPhase;
			buildActionMask = 2147483647;
			files = (
				46330FA618E2964100E5C7EC /* main.m in Sources */,
				46330FAA18E2964100E5C7EC /* FWAppDelegate.m in Sources */,
				A6BD827A3B45D34D4E4F1AD2 /* FWGameViewController.m in Sources */,
				A6BD857935F006E562D59215 /* FWCellModel.m in Sources */,
				A6BD8BB22C87B072BCAA3DE5 /* FWMainViewController.m in Sources */,
				A6BD8E8A0B77F033B2D2DEBE /* FWGameBoardView.m in Sources */,
				A6BD88C08766E21D77B79760 /* FWMainMenuViewController.m in Sources */,
				A6BD83CCA3F3D88E36020196 /* FWGameBoardSizeModel.m in Sources */,
				A6BD831D292B52B6C183C24C /* FWColorSchemePickerTableViewController.m in Sources */,
				A6BD88AB0269B101CA8B092A /* FWColorSchemeModel.m in Sources */,
				A6BD80297226552BB8AADC90 /* UIColor+FWConvenience.m in Sources */,
				A6BD8649F73DC07B12F3613E /* FWColorSchemeTableViewCell.m in Sources */,
				A6BD85D9E6F095BA44C3EFC0 /* FWRandomNumberGenerator.m in Sources */,
				A6BD8D4E382AD099F9168486 /* FWSettingsManager.m in Sources */,
				A6BD8DF13ABCF912598D6E74 /* FWUserModel.m in Sources */,
			);
			runOnlyForDeploymentPostprocessing = 0;
		};
		46330FAD18E2964100E5C7EC /* Sources */ = {
			isa = PBXSourcesBuildPhase;
			buildActionMask = 2147483647;
			files = (
				46330FBF18E2964100E5C7EC /* VieTests.m in Sources */,
			);
			runOnlyForDeploymentPostprocessing = 0;
		};
/* End PBXSourcesBuildPhase section */

/* Begin PBXTargetDependency section */
		46330FB718E2964100E5C7EC /* PBXTargetDependency */ = {
			isa = PBXTargetDependency;
			target = 46330F9518E2964100E5C7EC /* Vie */;
			targetProxy = 46330FB618E2964100E5C7EC /* PBXContainerItemProxy */;
		};
/* End PBXTargetDependency section */

/* Begin PBXVariantGroup section */
		46330FA218E2964100E5C7EC /* InfoPlist.strings */ = {
			isa = PBXVariantGroup;
			children = (
				46330FA318E2964100E5C7EC /* en */,
				4647352118FA1C1B003C2D15 /* fr */,
			);
			name = InfoPlist.strings;
			sourceTree = "<group>";
		};
		46330FBB18E2964100E5C7EC /* InfoPlist.strings */ = {
			isa = PBXVariantGroup;
			children = (
				46330FBC18E2964100E5C7EC /* en */,
			);
			name = InfoPlist.strings;
			sourceTree = "<group>";
		};
		A6BD82764DB78469ADF28EC1 /* FWGameViewController.xib */ = {
			isa = PBXVariantGroup;
			children = (
				A6BD89C4DD3943FB54779A26 /* en */,
			);
			name = FWGameViewController.xib;
			sourceTree = "<group>";
		};
		A6BD85A95F13A91085192362 /* Localizable.strings */ = {
			isa = PBXVariantGroup;
			children = (
				A6BD815FCE73D1EA77EF34BD /* en */,
				A6BD8E875DF22FFD2EB1E643 /* fr */,
			);
			name = Localizable.strings;
			sourceTree = "<group>";
		};
		A6BD8C0E6D6B384D0122E516 /* Colors.plist */ = {
			isa = PBXVariantGroup;
			children = (
				A6BD8A7310B4D1BC803C24C1 /* en */,
				A6BD809D970021CD00AA3AF1 /* fr */,
			);
			name = Colors.plist;
			sourceTree = "<group>";
		};
/* End PBXVariantGroup section */

/* Begin XCBuildConfiguration section */
		46330FC018E2964100E5C7EC /* Debug */ = {
			isa = XCBuildConfiguration;
			buildSettings = {
				ALWAYS_SEARCH_USER_PATHS = NO;
				CLANG_CXX_LANGUAGE_STANDARD = "gnu++0x";
				CLANG_CXX_LIBRARY = "libc++";
				CLANG_ENABLE_MODULES = YES;
				CLANG_ENABLE_OBJC_ARC = YES;
				CLANG_WARN_BOOL_CONVERSION = YES;
				CLANG_WARN_CONSTANT_CONVERSION = YES;
				CLANG_WARN_DIRECT_OBJC_ISA_USAGE = YES_ERROR;
				CLANG_WARN_EMPTY_BODY = YES;
				CLANG_WARN_ENUM_CONVERSION = YES;
				CLANG_WARN_INT_CONVERSION = YES;
				CLANG_WARN_OBJC_ROOT_CLASS = YES_ERROR;
				CLANG_WARN__DUPLICATE_METHOD_MATCH = YES;
				"CODE_SIGN_IDENTITY[sdk=iphoneos*]" = "iPhone Developer";
				COPY_PHASE_STRIP = NO;
				GCC_C_LANGUAGE_STANDARD = gnu99;
				GCC_DYNAMIC_NO_PIC = NO;
				GCC_OPTIMIZATION_LEVEL = 0;
				GCC_PREPROCESSOR_DEFINITIONS = (
					"DEBUG=1",
					"$(inherited)",
				);
				GCC_SYMBOLS_PRIVATE_EXTERN = NO;
				GCC_WARN_64_TO_32_BIT_CONVERSION = YES;
				GCC_WARN_ABOUT_RETURN_TYPE = YES_ERROR;
				GCC_WARN_UNDECLARED_SELECTOR = YES;
				GCC_WARN_UNINITIALIZED_AUTOS = YES_AGGRESSIVE;
				GCC_WARN_UNUSED_FUNCTION = YES;
				GCC_WARN_UNUSED_VARIABLE = YES;
				IPHONEOS_DEPLOYMENT_TARGET = 7.1;
				ONLY_ACTIVE_ARCH = YES;
				SDKROOT = iphoneos;
				TARGETED_DEVICE_FAMILY = "1,2";
			};
			name = Debug;
		};
		46330FC118E2964100E5C7EC /* Release */ = {
			isa = XCBuildConfiguration;
			buildSettings = {
				ALWAYS_SEARCH_USER_PATHS = NO;
				CLANG_CXX_LANGUAGE_STANDARD = "gnu++0x";
				CLANG_CXX_LIBRARY = "libc++";
				CLANG_ENABLE_MODULES = YES;
				CLANG_ENABLE_OBJC_ARC = YES;
				CLANG_WARN_BOOL_CONVERSION = YES;
				CLANG_WARN_CONSTANT_CONVERSION = YES;
				CLANG_WARN_DIRECT_OBJC_ISA_USAGE = YES_ERROR;
				CLANG_WARN_EMPTY_BODY = YES;
				CLANG_WARN_ENUM_CONVERSION = YES;
				CLANG_WARN_INT_CONVERSION = YES;
				CLANG_WARN_OBJC_ROOT_CLASS = YES_ERROR;
				CLANG_WARN__DUPLICATE_METHOD_MATCH = YES;
				"CODE_SIGN_IDENTITY[sdk=iphoneos*]" = "iPhone Developer";
				COPY_PHASE_STRIP = YES;
				ENABLE_NS_ASSERTIONS = NO;
				GCC_C_LANGUAGE_STANDARD = gnu99;
				GCC_WARN_64_TO_32_BIT_CONVERSION = YES;
				GCC_WARN_ABOUT_RETURN_TYPE = YES_ERROR;
				GCC_WARN_UNDECLARED_SELECTOR = YES;
				GCC_WARN_UNINITIALIZED_AUTOS = YES_AGGRESSIVE;
				GCC_WARN_UNUSED_FUNCTION = YES;
				GCC_WARN_UNUSED_VARIABLE = YES;
				IPHONEOS_DEPLOYMENT_TARGET = 7.1;
				SDKROOT = iphoneos;
				TARGETED_DEVICE_FAMILY = "1,2";
				VALIDATE_PRODUCT = YES;
			};
			name = Release;
		};
		46330FC318E2964100E5C7EC /* Debug */ = {
			isa = XCBuildConfiguration;
			buildSettings = {
				ASSETCATALOG_COMPILER_APPICON_NAME = AppIcon;
				ASSETCATALOG_COMPILER_LAUNCHIMAGE_NAME = LaunchImage;
				CODE_SIGN_IDENTITY = "iPhone Developer";
				GCC_PRECOMPILE_PREFIX_HEADER = YES;
				GCC_PREFIX_HEADER = "Vie/Vie-Prefix.pch";
				INFOPLIST_FILE = "Vie/Vie-Info.plist";
				IPHONEOS_DEPLOYMENT_TARGET = 6.0;
				PRODUCT_NAME = "$(TARGET_NAME)";
				PROVISIONING_PROFILE = "E037B7E3-1B92-4A0C-8FC8-0E31CC3F8040";
				WRAPPER_EXTENSION = app;
			};
			name = Debug;
		};
		46330FC418E2964100E5C7EC /* Release */ = {
			isa = XCBuildConfiguration;
			buildSettings = {
				ASSETCATALOG_COMPILER_APPICON_NAME = AppIcon;
				ASSETCATALOG_COMPILER_LAUNCHIMAGE_NAME = LaunchImage;
				CODE_SIGN_IDENTITY = "iPhone Developer";
				GCC_PRECOMPILE_PREFIX_HEADER = YES;
				GCC_PREFIX_HEADER = "Vie/Vie-Prefix.pch";
				INFOPLIST_FILE = "Vie/Vie-Info.plist";
				IPHONEOS_DEPLOYMENT_TARGET = 6.0;
				PRODUCT_NAME = "$(TARGET_NAME)";
				PROVISIONING_PROFILE = "E037B7E3-1B92-4A0C-8FC8-0E31CC3F8040";
				WRAPPER_EXTENSION = app;
			};
			name = Release;
		};
		46330FC618E2964100E5C7EC /* Debug */ = {
			isa = XCBuildConfiguration;
			buildSettings = {
				BUNDLE_LOADER = "$(BUILT_PRODUCTS_DIR)/Vie.app/Vie";
				FRAMEWORK_SEARCH_PATHS = (
					"$(SDKROOT)/Developer/Library/Frameworks",
					"$(inherited)",
					"$(DEVELOPER_FRAMEWORKS_DIR)",
				);
				GCC_PRECOMPILE_PREFIX_HEADER = YES;
				GCC_PREFIX_HEADER = "Vie/Vie-Prefix.pch";
				GCC_PREPROCESSOR_DEFINITIONS = (
					"DEBUG=1",
					"$(inherited)",
				);
				INFOPLIST_FILE = "VieTests/VieTests-Info.plist";
				PRODUCT_NAME = "$(TARGET_NAME)";
				TEST_HOST = "$(BUNDLE_LOADER)";
				WRAPPER_EXTENSION = xctest;
			};
			name = Debug;
		};
		46330FC718E2964100E5C7EC /* Release */ = {
			isa = XCBuildConfiguration;
			buildSettings = {
				BUNDLE_LOADER = "$(BUILT_PRODUCTS_DIR)/Vie.app/Vie";
				FRAMEWORK_SEARCH_PATHS = (
					"$(SDKROOT)/Developer/Library/Frameworks",
					"$(inherited)",
					"$(DEVELOPER_FRAMEWORKS_DIR)",
				);
				GCC_PRECOMPILE_PREFIX_HEADER = YES;
				GCC_PREFIX_HEADER = "Vie/Vie-Prefix.pch";
				INFOPLIST_FILE = "VieTests/VieTests-Info.plist";
				PRODUCT_NAME = "$(TARGET_NAME)";
				TEST_HOST = "$(BUNDLE_LOADER)";
				WRAPPER_EXTENSION = xctest;
			};
			name = Release;
		};
/* End XCBuildConfiguration section */

/* Begin XCConfigurationList section */
		46330F9118E2964100E5C7EC /* Build configuration list for PBXProject "Vie" */ = {
			isa = XCConfigurationList;
			buildConfigurations = (
				46330FC018E2964100E5C7EC /* Debug */,
				46330FC118E2964100E5C7EC /* Release */,
			);
			defaultConfigurationIsVisible = 0;
			defaultConfigurationName = Release;
		};
		46330FC218E2964100E5C7EC /* Build configuration list for PBXNativeTarget "Vie" */ = {
			isa = XCConfigurationList;
			buildConfigurations = (
				46330FC318E2964100E5C7EC /* Debug */,
				46330FC418E2964100E5C7EC /* Release */,
			);
			defaultConfigurationIsVisible = 0;
			defaultConfigurationName = Release;
		};
		46330FC518E2964100E5C7EC /* Build configuration list for PBXNativeTarget "VieTests" */ = {
			isa = XCConfigurationList;
			buildConfigurations = (
				46330FC618E2964100E5C7EC /* Debug */,
				46330FC718E2964100E5C7EC /* Release */,
			);
			defaultConfigurationIsVisible = 0;
			defaultConfigurationName = Release;
		};
/* End XCConfigurationList section */
	};
	rootObject = 46330F8E18E2964100E5C7EC /* Project object */;
}
